// !$*UTF8*$!
{
	archiveVersion = 1;
	classes = {
	};
	objectVersion = 46;
	objects = {

/* Begin PBXBuildFile section */
		2F14F9E81C9589BA0066D030 /* MRSADScrollView.m in Sources */ = {isa = PBXBuildFile; fileRef = 2F14F9E51C9589BA0066D030 /* MRSADScrollView.m */; };
		2F14F9E91C9589BA0066D030 /* MRSModel.m in Sources */ = {isa = PBXBuildFile; fileRef = 2F14F9E71C9589BA0066D030 /* MRSModel.m */; };
		2F14F9ED1C9589F30066D030 /* MRSHomeViewController.m in Sources */ = {isa = PBXBuildFile; fileRef = 2F14F9EC1C9589F30066D030 /* MRSHomeViewController.m */; };
		2F14F9F31C958A460066D030 /* MRSSearchViewController.m in Sources */ = {isa = PBXBuildFile; fileRef = 2F14F9F01C958A460066D030 /* MRSSearchViewController.m */; };
		2F14F9F41C958A460066D030 /* MRSTextField.m in Sources */ = {isa = PBXBuildFile; fileRef = 2F14F9F21C958A460066D030 /* MRSTextField.m */; };
		2F14F9FB1C958E9C0066D030 /* nav_find_act@2x.png in Resources */ = {isa = PBXBuildFile; fileRef = 2F14F9F51C958E9C0066D030 /* nav_find_act@2x.png */; };
		2F14F9FC1C958E9C0066D030 /* nav_find@2x.png in Resources */ = {isa = PBXBuildFile; fileRef = 2F14F9F61C958E9C0066D030 /* nav_find@2x.png */; };
		2F14F9FD1C958E9C0066D030 /* nav_index_act@2x.png in Resources */ = {isa = PBXBuildFile; fileRef = 2F14F9F71C958E9C0066D030 /* nav_index_act@2x.png */; };
		2F14F9FE1C958E9C0066D030 /* nav_index@2x.png in Resources */ = {isa = PBXBuildFile; fileRef = 2F14F9F81C958E9C0066D030 /* nav_index@2x.png */; };
		2F14F9FF1C958E9C0066D030 /* nav_setting_act@2x.png in Resources */ = {isa = PBXBuildFile; fileRef = 2F14F9F91C958E9C0066D030 /* nav_setting_act@2x.png */; };
		2F14FA001C958E9C0066D030 /* nav_setting@2x.png in Resources */ = {isa = PBXBuildFile; fileRef = 2F14F9FA1C958E9C0066D030 /* nav_setting@2x.png */; };
		2F14FA021C958F950066D030 /* index_first_meng@2x.png in Resources */ = {isa = PBXBuildFile; fileRef = 2F14FA011C958F950066D030 /* index_first_meng@2x.png */; };
		2F2FA8021CACE4A500540441 /* MRSCacheManager.m in Sources */ = {isa = PBXBuildFile; fileRef = 2F2FA8011CACE4A500540441 /* MRSCacheManager.m */; };
		2F2FA8051CACF8E300540441 /* MRSObjectCacheManager.m in Sources */ = {isa = PBXBuildFile; fileRef = 2F2FA8041CACF8E300540441 /* MRSObjectCacheManager.m */; };
		2F320E091C81942E008DC121 /* RadioInfo.m in Sources */ = {isa = PBXBuildFile; fileRef = 2F320E081C81942E008DC121 /* RadioInfo.m */; };
		2F33378D1C803E9800927CF8 /* main.m in Sources */ = {isa = PBXBuildFile; fileRef = 2F33378C1C803E9800927CF8 /* main.m */; };
		2F3337901C803E9800927CF8 /* AppDelegate.m in Sources */ = {isa = PBXBuildFile; fileRef = 2F33378F1C803E9800927CF8 /* AppDelegate.m */; };
		2F3337931C803E9800927CF8 /* ViewController.m in Sources */ = {isa = PBXBuildFile; fileRef = 2F3337921C803E9800927CF8 /* ViewController.m */; };
		2F3337961C803E9800927CF8 /* Main.storyboard in Resources */ = {isa = PBXBuildFile; fileRef = 2F3337941C803E9800927CF8 /* Main.storyboard */; };
		2F33379B1C803E9800927CF8 /* LaunchScreen.storyboard in Resources */ = {isa = PBXBuildFile; fileRef = 2F3337991C803E9800927CF8 /* LaunchScreen.storyboard */; };
		2F524F2D1C85719400DB6DD2 /* play@2x.png in Resources */ = {isa = PBXBuildFile; fileRef = 2F524F2C1C85719400DB6DD2 /* play@2x.png */; };
		2F524F2F1C85D7FB00DB6DD2 /* pause@2x.png in Resources */ = {isa = PBXBuildFile; fileRef = 2F524F2E1C85D7FB00DB6DD2 /* pause@2x.png */; };
		2F6CABDE1C97E65500DD4984 /* MRSHotTagADViewController.m in Sources */ = {isa = PBXBuildFile; fileRef = 2F6CABD71C97E65500DD4984 /* MRSHotTagADViewController.m */; };
		2F6CABDF1C97E65500DD4984 /* MRSHotTagInfo.m in Sources */ = {isa = PBXBuildFile; fileRef = 2F6CABD91C97E65500DD4984 /* MRSHotTagInfo.m */; };
		2F6CABE01C97E65500DD4984 /* MRSHotTagModel.m in Sources */ = {isa = PBXBuildFile; fileRef = 2F6CABDB1C97E65500DD4984 /* MRSHotTagModel.m */; };
		2F6CABE11C97E65500DD4984 /* MRSHotTagViewModel.m in Sources */ = {isa = PBXBuildFile; fileRef = 2F6CABDD1C97E65500DD4984 /* MRSHotTagViewModel.m */; };
		2F6CABE71C97E6AC00DD4984 /* dingshi.png in Resources */ = {isa = PBXBuildFile; fileRef = 2F6CABE21C97E6AC00DD4984 /* dingshi.png */; };
		2F6CABE81C97E6AC00DD4984 /* dingshibg.png in Resources */ = {isa = PBXBuildFile; fileRef = 2F6CABE31C97E6AC00DD4984 /* dingshibg.png */; };
		2F6CABE91C97E6AC00DD4984 /* dingshiseek.png in Resources */ = {isa = PBXBuildFile; fileRef = 2F6CABE41C97E6AC00DD4984 /* dingshiseek.png */; };
		2F6CABEA1C97E6AC00DD4984 /* off.png in Resources */ = {isa = PBXBuildFile; fileRef = 2F6CABE51C97E6AC00DD4984 /* off.png */; };
		2F6CABEB1C97E6AC00DD4984 /* on.png in Resources */ = {isa = PBXBuildFile; fileRef = 2F6CABE61C97E6AC00DD4984 /* on.png */; };
		2F6CABEF1C97E7B400DD4984 /* MRSSettingViewController.m in Sources */ = {isa = PBXBuildFile; fileRef = 2F6CABEE1C97E7B400DD4984 /* MRSSettingViewController.m */; };
		2F6CABF31C97E85700DD4984 /* MRSDingshiManager.m in Sources */ = {isa = PBXBuildFile; fileRef = 2F6CABF21C97E85700DD4984 /* MRSDingshiManager.m */; };
		2F6CABF61C97F9AD00DD4984 /* MRSDingshiView.m in Sources */ = {isa = PBXBuildFile; fileRef = 2F6CABF51C97F9AD00DD4984 /* MRSDingshiView.m */; };
		2F6CABF91C97FE8A00DD4984 /* MRSTimerView.m in Sources */ = {isa = PBXBuildFile; fileRef = 2F6CABF81C97FE8A00DD4984 /* MRSTimerView.m */; };
		2F89F5AF1C9190110062A870 /* MRSFindViewController.m in Sources */ = {isa = PBXBuildFile; fileRef = 2F89F5AE1C9190110062A870 /* MRSFindViewController.m */; };
		2F9C5F941CA7D820001DA2E0 /* w1.png in Resources */ = {isa = PBXBuildFile; fileRef = 2F9C5F8D1CA7D820001DA2E0 /* w1.png */; };
		2F9C5F951CA7D820001DA2E0 /* w2.png in Resources */ = {isa = PBXBuildFile; fileRef = 2F9C5F8E1CA7D820001DA2E0 /* w2.png */; };
		2F9C5F961CA7D820001DA2E0 /* w3.png in Resources */ = {isa = PBXBuildFile; fileRef = 2F9C5F8F1CA7D820001DA2E0 /* w3.png */; };
		2F9C5F971CA7D820001DA2E0 /* w4.png in Resources */ = {isa = PBXBuildFile; fileRef = 2F9C5F901CA7D820001DA2E0 /* w4.png */; };
		2F9C5F981CA7D820001DA2E0 /* w5.png in Resources */ = {isa = PBXBuildFile; fileRef = 2F9C5F911CA7D820001DA2E0 /* w5.png */; };
		2F9C5F991CA7D820001DA2E0 /* w6.png in Resources */ = {isa = PBXBuildFile; fileRef = 2F9C5F921CA7D820001DA2E0 /* w6.png */; };
		2F9C5F9B1CA80FF5001DA2E0 /* Images.xcassets in Resources */ = {isa = PBXBuildFile; fileRef = 2F9C5F9A1CA80FF5001DA2E0 /* Images.xcassets */; };
		2FB86DA01C8E802D00B89E76 /* MRSNoContentView.m in Sources */ = {isa = PBXBuildFile; fileRef = 2FB86D9F1C8E802D00B89E76 /* MRSNoContentView.m */; };
		2FB86DAC1C8E845900B89E76 /* next@2x.png in Resources */ = {isa = PBXBuildFile; fileRef = 2FB86DA31C8E845900B89E76 /* next@2x.png */; };
		2FB86DAD1C8E845900B89E76 /* pre@2x.png in Resources */ = {isa = PBXBuildFile; fileRef = 2FB86DA41C8E845900B89E76 /* pre@2x.png */; };
		2FB86DAF1C8E845900B89E76 /* y1.png in Resources */ = {isa = PBXBuildFile; fileRef = 2FB86DA61C8E845900B89E76 /* y1.png */; };
		2FB86DB01C8E845900B89E76 /* y2.png in Resources */ = {isa = PBXBuildFile; fileRef = 2FB86DA71C8E845900B89E76 /* y2.png */; };
		2FB86DB11C8E845900B89E76 /* y3.png in Resources */ = {isa = PBXBuildFile; fileRef = 2FB86DA81C8E845900B89E76 /* y3.png */; };
		2FB86DB21C8E845900B89E76 /* y4.png in Resources */ = {isa = PBXBuildFile; fileRef = 2FB86DA91C8E845900B89E76 /* y4.png */; };
		2FB86DB31C8E845900B89E76 /* y5.png in Resources */ = {isa = PBXBuildFile; fileRef = 2FB86DAA1C8E845900B89E76 /* y5.png */; };
		2FB86DB41C8E845900B89E76 /* y6.png in Resources */ = {isa = PBXBuildFile; fileRef = 2FB86DAB1C8E845900B89E76 /* y6.png */; };
		2FB86DB61C8E912200B89E76 /* no_content_image@2x.png in Resources */ = {isa = PBXBuildFile; fileRef = 2FB86DB51C8E912200B89E76 /* no_content_image@2x.png */; };
		2FB86DB91C8EA0F000B89E76 /* MRSCircleImageView.m in Sources */ = {isa = PBXBuildFile; fileRef = 2FB86DB81C8EA0F000B89E76 /* MRSCircleImageView.m */; };
		2FB86DBC1C8EA2A200B89E76 /* MRSSpeakerDescView.m in Sources */ = {isa = PBXBuildFile; fileRef = 2FB86DBB1C8EA2A200B89E76 /* MRSSpeakerDescView.m */; };
		2FB86DBE1C8EAB4400B89E76 /* default_circle_avatar@2x.png in Resources */ = {isa = PBXBuildFile; fileRef = 2FB86DBD1C8EAB4400B89E76 /* default_circle_avatar@2x.png */; };
		2FB86DC41C8F055400B89E76 /* MRSPlayerImageAnimationLoadingView.m in Sources */ = {isa = PBXBuildFile; fileRef = 2FB86DC31C8F055400B89E76 /* MRSPlayerImageAnimationLoadingView.m */; };
		2FB9EC4B1C8A773E00356374 /* FMListViewModel.m in Sources */ = {isa = PBXBuildFile; fileRef = 2FB9EC4A1C8A773E00356374 /* FMListViewModel.m */; };
		2FB9EC511C8AA55E00356374 /* NSArrayAdditions.m in Sources */ = {isa = PBXBuildFile; fileRef = 2FB9EC501C8AA55E00356374 /* NSArrayAdditions.m */; };
		2FB9EC541C8AADDF00356374 /* TagListCellItem.m in Sources */ = {isa = PBXBuildFile; fileRef = 2FB9EC531C8AADDF00356374 /* TagListCellItem.m */; };
		2FB9EC571C8AB0C200356374 /* MRSURLImageView.m in Sources */ = {isa = PBXBuildFile; fileRef = 2FB9EC561C8AB0C200356374 /* MRSURLImageView.m */; };
		2FB9EC591C8AB46000356374 /* default_cover@2x.png in Resources */ = {isa = PBXBuildFile; fileRef = 2FB9EC581C8AB46000356374 /* default_cover@2x.png */; };
		2FB9EC5B1C8AB46700356374 /* list_default@2x.png in Resources */ = {isa = PBXBuildFile; fileRef = 2FB9EC5A1C8AB46700356374 /* list_default@2x.png */; };
		2FB9EC5D1C8ABF2A00356374 /* RadioPlayerViewController.m in Sources */ = {isa = PBXBuildFile; fileRef = 2FB9EC5C1C8ABF2A00356374 /* RadioPlayerViewController.m */; };
		2FBB52E11C968CD200EA59F6 /* MRSIndexCategory.m in Sources */ = {isa = PBXBuildFile; fileRef = 2FBB52D61C968CD200EA59F6 /* MRSIndexCategory.m */; };
		2FBB52E21C968CD200EA59F6 /* MRSIndexCategoryViewProductor.m in Sources */ = {isa = PBXBuildFile; fileRef = 2FBB52D81C968CD200EA59F6 /* MRSIndexCategoryViewProductor.m */; };
		2FBB52E31C968CD200EA59F6 /* MRSIndexInfo.m in Sources */ = {isa = PBXBuildFile; fileRef = 2FBB52DA1C968CD200EA59F6 /* MRSIndexInfo.m */; };
		2FBB52E41C968CD200EA59F6 /* MRSIndexModel.m in Sources */ = {isa = PBXBuildFile; fileRef = 2FBB52DC1C968CD200EA59F6 /* MRSIndexModel.m */; };
		2FBB52E51C968CD200EA59F6 /* MRSIndexViewController.m in Sources */ = {isa = PBXBuildFile; fileRef = 2FBB52DE1C968CD200EA59F6 /* MRSIndexViewController.m */; };
		2FBB52E61C968CD200EA59F6 /* MRSIndexViewModel.m in Sources */ = {isa = PBXBuildFile; fileRef = 2FBB52E01C968CD200EA59F6 /* MRSIndexViewModel.m */; };
		2FBB52E91C96A02300EA59F6 /* MRSJieMuListModel.m in Sources */ = {isa = PBXBuildFile; fileRef = 2FBB52E81C96A02300EA59F6 /* MRSJieMuListModel.m */; };
		2FBB52EC1C96A1AD00EA59F6 /* MRSJieMuListViewModel.m in Sources */ = {isa = PBXBuildFile; fileRef = 2FBB52EB1C96A1AD00EA59F6 /* MRSJieMuListViewModel.m */; };
		2FBB52EF1C96A32C00EA59F6 /* MRSJieMuListViewController.m in Sources */ = {isa = PBXBuildFile; fileRef = 2FBB52EE1C96A32C00EA59F6 /* MRSJieMuListViewController.m */; };
		2FBB52F21C96AF0100EA59F6 /* MRSHotFmViewProductor.m in Sources */ = {isa = PBXBuildFile; fileRef = 2FBB52F11C96AF0100EA59F6 /* MRSHotFmViewProductor.m */; };
		2FBB52F51C96D14A00EA59F6 /* MRSCellViewProductor.m in Sources */ = {isa = PBXBuildFile; fileRef = 2FBB52F41C96D14A00EA59F6 /* MRSCellViewProductor.m */; };
		2FBB52F71C96D57D00EA59F6 /* index_item_more@2x.png in Resources */ = {isa = PBXBuildFile; fileRef = 2FBB52F61C96D57D00EA59F6 /* index_item_more@2x.png */; };
		2FBF8C171C9002F800FE7C31 /* MRSADViewController.m in Sources */ = {isa = PBXBuildFile; fileRef = 2FBF8C161C9002F800FE7C31 /* MRSADViewController.m */; };
		2FBF8C261C90305E00FE7C31 /* AD_default@2x.png in Resources */ = {isa = PBXBuildFile; fileRef = 2FBF8C251C90305E00FE7C31 /* AD_default@2x.png */; };
		2FCB2A221C8BC98000851689 /* MRSFetchResultController.m in Sources */ = {isa = PBXBuildFile; fileRef = 2FCB2A211C8BC98000851689 /* MRSFetchResultController.m */; };
		2FCB2A251C8BCDEB00851689 /* MRSFetchResultSectionInfo.m in Sources */ = {isa = PBXBuildFile; fileRef = 2FCB2A241C8BCDEB00851689 /* MRSFetchResultSectionInfo.m */; };
		2FCB2A281C8C47EE00851689 /* MRSSpeakerInfo.m in Sources */ = {isa = PBXBuildFile; fileRef = 2FCB2A271C8C47EE00851689 /* MRSSpeakerInfo.m */; };
		2FCC598F1C86DEE5008B2621 /* progress_btn@2x.png in Resources */ = {isa = PBXBuildFile; fileRef = 2FCC598E1C86DEE5008B2621 /* progress_btn@2x.png */; };
		2FCC599C1C872704008B2621 /* PlayerBackgroundView.m in Sources */ = {isa = PBXBuildFile; fileRef = 2FCC59951C872704008B2621 /* PlayerBackgroundView.m */; };
		2FCC599D1C872704008B2621 /* RadioInfoModel.m in Sources */ = {isa = PBXBuildFile; fileRef = 2FCC59971C872704008B2621 /* RadioInfoModel.m */; };
		2FCC599F1C872704008B2621 /* RadioViewModel.m in Sources */ = {isa = PBXBuildFile; fileRef = 2FCC599B1C872704008B2621 /* RadioViewModel.m */; };
		2FCC59A51C87273C008B2621 /* MRSImageAnimationLoadingView.m in Sources */ = {isa = PBXBuildFile; fileRef = 2FCC59A21C87273C008B2621 /* MRSImageAnimationLoadingView.m */; };
		2FCC59A61C87273C008B2621 /* MRSImageView.m in Sources */ = {isa = PBXBuildFile; fileRef = 2FCC59A41C87273C008B2621 /* MRSImageView.m */; };
		2FD18C771C8D6CC8002836A4 /* white_back@2x.png in Resources */ = {isa = PBXBuildFile; fileRef = 2FD18C761C8D6CC8002836A4 /* white_back@2x.png */; };
		2FD18C791C8DB5A8002836A4 /* back@2x.png in Resources */ = {isa = PBXBuildFile; fileRef = 2FD18C781C8DB5A8002836A4 /* back@2x.png */; };
		2FD55C151CB0C8BC0055CD4E /* MRSRadioDao.m in Sources */ = {isa = PBXBuildFile; fileRef = 2FD55C141CB0C8BC0055CD4E /* MRSRadioDao.m */; };
		2FE0DDE91C8963E300A705C3 /* pull_arrow@2x.png in Resources */ = {isa = PBXBuildFile; fileRef = 2FE0DDE81C8963E300A705C3 /* pull_arrow@2x.png */; };
		2FE0DDEC1C89875000A705C3 /* MRSListViewController.m in Sources */ = {isa = PBXBuildFile; fileRef = 2FE0DDEB1C89875000A705C3 /* MRSListViewController.m */; };
		2FE0DE031C89D5C300A705C3 /* FMInfo.m in Sources */ = {isa = PBXBuildFile; fileRef = 2FE0DDFA1C89D5C300A705C3 /* FMInfo.m */; };
		2FE0DE041C89D5C300A705C3 /* FMListModel.m in Sources */ = {isa = PBXBuildFile; fileRef = 2FE0DDFC1C89D5C300A705C3 /* FMListModel.m */; };
		2FE0DE051C89D5C300A705C3 /* TagListViewController.m in Sources */ = {isa = PBXBuildFile; fileRef = 2FE0DDFE1C89D5C300A705C3 /* TagListViewController.m */; };
		2FE0DE061C89D5C300A705C3 /* MRSLoadingMoreCell.m in Sources */ = {isa = PBXBuildFile; fileRef = 2FE0DE001C89D5C300A705C3 /* MRSLoadingMoreCell.m */; };
		2FE0DE071C89D5C300A705C3 /* MRSRefreshHeader.m in Sources */ = {isa = PBXBuildFile; fileRef = 2FE0DE021C89D5C300A705C3 /* MRSRefreshHeader.m */; };
		2FE2718C1CABAEA30073E62E /* MRSCacheEntity.m in Sources */ = {isa = PBXBuildFile; fileRef = 2FE2718B1CABAEA30073E62E /* MRSCacheEntity.m */; };
		2FE2718F1CABAFCE0073E62E /* MRSMemoryCacheManager.m in Sources */ = {isa = PBXBuildFile; fileRef = 2FE2718E1CABAFCE0073E62E /* MRSMemoryCacheManager.m */; };
		2FE271951CABCB740073E62E /* MRSPersistentCacheManager.m in Sources */ = {isa = PBXBuildFile; fileRef = 2FE271941CABCB740073E62E /* MRSPersistentCacheManager.m */; };
		2FE271981CABECEE0073E62E /* MRSURLCacheManager.m in Sources */ = {isa = PBXBuildFile; fileRef = 2FE271971CABECEE0073E62E /* MRSURLCacheManager.m */; };
		2FE3A1731CAF8A3A00DE3191 /* MRSDownloadHelper.m in Sources */ = {isa = PBXBuildFile; fileRef = 2FE3A1721CAF8A3A00DE3191 /* MRSDownloadHelper.m */; };
		2FE3A1751CAF9E3300DE3191 /* test.plist in Resources */ = {isa = PBXBuildFile; fileRef = 2FE3A1741CAF9E3300DE3191 /* test.plist */; };
		2FE3A1771CAFB05700DE3191 /* detail.png in Resources */ = {isa = PBXBuildFile; fileRef = 2FE3A1761CAFB05700DE3191 /* detail.png */; };
		2FE3A17A1CAFB2A700DE3191 /* MRSMyDownLoadTableViewController.m in Sources */ = {isa = PBXBuildFile; fileRef = 2FE3A1791CAFB2A700DE3191 /* MRSMyDownLoadTableViewController.m */; };
		2FE3A17D1CAFB47D00DE3191 /* MRSMyDownloadViewModel.m in Sources */ = {isa = PBXBuildFile; fileRef = 2FE3A17C1CAFB47D00DE3191 /* MRSMyDownloadViewModel.m */; };
		2FE3A1801CAFE01700DE3191 /* MyDownloadItem.m in Sources */ = {isa = PBXBuildFile; fileRef = 2FE3A17F1CAFE01700DE3191 /* MyDownloadItem.m */; };
		2FE3A1821CAFE37800DE3191 /* myDownload_detail_icon.png in Resources */ = {isa = PBXBuildFile; fileRef = 2FE3A1811CAFE37800DE3191 /* myDownload_detail_icon.png */; };
		2FE75CC41CAE551C00DDA040 /* image_clean_icon.png in Resources */ = {isa = PBXBuildFile; fileRef = 2FE75CC31CAE551C00DDA040 /* image_clean_icon.png */; };
		2FE75CC91CAE6B7500DDA040 /* my_download@2x.png in Resources */ = {isa = PBXBuildFile; fileRef = 2FE75CC81CAE6B7500DDA040 /* my_download@2x.png */; };
		2FF9709A1C93B5F300EB7A77 /* MRSCategoryView.m in Sources */ = {isa = PBXBuildFile; fileRef = 2FF970991C93B5F300EB7A77 /* MRSCategoryView.m */; };
		2FF970AE1C93D27500EB7A77 /* beishang@2x.png in Resources */ = {isa = PBXBuildFile; fileRef = 2FF9709B1C93D27500EB7A77 /* beishang@2x.png */; };
		2FF970AF1C93D27500EB7A77 /* duchu@2x.png in Resources */ = {isa = PBXBuildFile; fileRef = 2FF9709C1C93D27500EB7A77 /* duchu@2x.png */; };
		2FF970B01C93D27500EB7A77 /* fanzao@2x.png in Resources */ = {isa = PBXBuildFile; fileRef = 2FF9709D1C93D27500EB7A77 /* fanzao@2x.png */; };
		2FF970B11C93D27500EB7A77 /* gandong@2x.png in Resources */ = {isa = PBXBuildFile; fileRef = 2FF9709E1C93D27500EB7A77 /* gandong@2x.png */; };
		2FF970B21C93D27500EB7A77 /* gudu@2x.png in Resources */ = {isa = PBXBuildFile; fileRef = 2FF9709F1C93D27500EB7A77 /* gudu@2x.png */; };
		2FF970B31C93D27500EB7A77 /* index_fm_bg@2x.png in Resources */ = {isa = PBXBuildFile; fileRef = 2FF970A01C93D27500EB7A77 /* index_fm_bg@2x.png */; };
		2FF970B41C93D27500EB7A77 /* jianya@2x.png in Resources */ = {isa = PBXBuildFile; fileRef = 2FF970A11C93D27500EB7A77 /* jianya@2x.png */; };
		2FF970B51C93D27500EB7A77 /* kuaile@2x.png in Resources */ = {isa = PBXBuildFile; fileRef = 2FF970A21C93D27500EB7A77 /* kuaile@2x.png */; };
		2FF970B61C93D27500EB7A77 /* lvxing@2x.png in Resources */ = {isa = PBXBuildFile; fileRef = 2FF970A31C93D27500EB7A77 /* lvxing@2x.png */; };
		2FF970B71C93D27500EB7A77 /* mimang@2x.png in Resources */ = {isa = PBXBuildFile; fileRef = 2FF970A41C93D27500EB7A77 /* mimang@2x.png */; };
		2FF970B81C93D27500EB7A77 /* sanbu@2x.png in Resources */ = {isa = PBXBuildFile; fileRef = 2FF970A51C93D27500EB7A77 /* sanbu@2x.png */; };
		2FF970B91C93D27500EB7A77 /* shilian@2x.png in Resources */ = {isa = PBXBuildFile; fileRef = 2FF970A61C93D27500EB7A77 /* shilian@2x.png */; };
		2FF970BA1C93D27500EB7A77 /* shimian@2x.png in Resources */ = {isa = PBXBuildFile; fileRef = 2FF970A71C93D27500EB7A77 /* shimian@2x.png */; };
		2FF970BB1C93D27500EB7A77 /* shuiqian@2x.png in Resources */ = {isa = PBXBuildFile; fileRef = 2FF970A81C93D27500EB7A77 /* shuiqian@2x.png */; };
		2FF970BC1C93D27500EB7A77 /* suibian@2x.png in Resources */ = {isa = PBXBuildFile; fileRef = 2FF970A91C93D27500EB7A77 /* suibian@2x.png */; };
		2FF970BD1C93D27500EB7A77 /* wuliao@2x.png in Resources */ = {isa = PBXBuildFile; fileRef = 2FF970AA1C93D27500EB7A77 /* wuliao@2x.png */; };
		2FF970BE1C93D27500EB7A77 /* wunai@2x.png in Resources */ = {isa = PBXBuildFile; fileRef = 2FF970AB1C93D27500EB7A77 /* wunai@2x.png */; };
		2FF970BF1C93D27500EB7A77 /* yiqiliao@2x.png in Resources */ = {isa = PBXBuildFile; fileRef = 2FF970AC1C93D27500EB7A77 /* yiqiliao@2x.png */; };
		2FF970C01C93D27500EB7A77 /* zuoche@2x.png in Resources */ = {isa = PBXBuildFile; fileRef = 2FF970AD1C93D27500EB7A77 /* zuoche@2x.png */; };
		2FF970C31C93E1F100EB7A77 /* find_search_icon@2x.png in Resources */ = {isa = PBXBuildFile; fileRef = 2FF970C11C93E1F100EB7A77 /* find_search_icon@2x.png */; };
		2FF970C41C93E1F100EB7A77 /* search_input@2x.png in Resources */ = {isa = PBXBuildFile; fileRef = 2FF970C21C93E1F100EB7A77 /* search_input@2x.png */; };
		816A1437E5693B1069606996 /* libPods.a in Frameworks */ = {isa = PBXBuildFile; fileRef = 621CE8629E77589F0EE35ECA /* libPods.a */; };
/* End PBXBuildFile section */

/* Begin PBXFileReference section */
		2F14F9E41C9589BA0066D030 /* MRSADScrollView.h */ = {isa = PBXFileReference; fileEncoding = 4; lastKnownFileType = sourcecode.c.h; name = MRSADScrollView.h; path = MRSUIFoundation/MRSADScrollView.h; sourceTree = "<group>"; };
		2F14F9E51C9589BA0066D030 /* MRSADScrollView.m */ = {isa = PBXFileReference; fileEncoding = 4; lastKnownFileType = sourcecode.c.objc; name = MRSADScrollView.m; path = MRSUIFoundation/MRSADScrollView.m; sourceTree = "<group>"; };
		2F14F9E61C9589BA0066D030 /* MRSModel.h */ = {isa = PBXFileReference; fileEncoding = 4; lastKnownFileType = sourcecode.c.h; name = MRSModel.h; path = MRSUIFoundation/MRSModel.h; sourceTree = "<group>"; };
		2F14F9E71C9589BA0066D030 /* MRSModel.m */ = {isa = PBXFileReference; fileEncoding = 4; lastKnownFileType = sourcecode.c.objc; name = MRSModel.m; path = MRSUIFoundation/MRSModel.m; sourceTree = "<group>"; };
		2F14F9EB1C9589F30066D030 /* MRSHomeViewController.h */ = {isa = PBXFileReference; fileEncoding = 4; lastKnownFileType = sourcecode.c.h; name = MRSHomeViewController.h; path = Home/MRSHomeViewController.h; sourceTree = "<group>"; };
		2F14F9EC1C9589F30066D030 /* MRSHomeViewController.m */ = {isa = PBXFileReference; fileEncoding = 4; lastKnownFileType = sourcecode.c.objc; name = MRSHomeViewController.m; path = Home/MRSHomeViewController.m; sourceTree = "<group>"; };
		2F14F9EF1C958A460066D030 /* MRSSearchViewController.h */ = {isa = PBXFileReference; fileEncoding = 4; lastKnownFileType = sourcecode.c.h; name = MRSSearchViewController.h; path = Find/Search/MRSSearchViewController.h; sourceTree = "<group>"; };
		2F14F9F01C958A460066D030 /* MRSSearchViewController.m */ = {isa = PBXFileReference; fileEncoding = 4; lastKnownFileType = sourcecode.c.objc; name = MRSSearchViewController.m; path = Find/Search/MRSSearchViewController.m; sourceTree = "<group>"; };
		2F14F9F11C958A460066D030 /* MRSTextField.h */ = {isa = PBXFileReference; fileEncoding = 4; lastKnownFileType = sourcecode.c.h; name = MRSTextField.h; path = Find/Search/MRSTextField.h; sourceTree = "<group>"; };
		2F14F9F21C958A460066D030 /* MRSTextField.m */ = {isa = PBXFileReference; fileEncoding = 4; lastKnownFileType = sourcecode.c.objc; name = MRSTextField.m; path = Find/Search/MRSTextField.m; sourceTree = "<group>"; };
		2F14F9F51C958E9C0066D030 /* nav_find_act@2x.png */ = {isa = PBXFileReference; lastKnownFileType = image.png; name = "nav_find_act@2x.png"; path = "Resources/nav_find_act@2x.png"; sourceTree = SOURCE_ROOT; };
		2F14F9F61C958E9C0066D030 /* nav_find@2x.png */ = {isa = PBXFileReference; lastKnownFileType = image.png; name = "nav_find@2x.png"; path = "Resources/nav_find@2x.png"; sourceTree = SOURCE_ROOT; };
		2F14F9F71C958E9C0066D030 /* nav_index_act@2x.png */ = {isa = PBXFileReference; lastKnownFileType = image.png; name = "nav_index_act@2x.png"; path = "Resources/nav_index_act@2x.png"; sourceTree = SOURCE_ROOT; };
		2F14F9F81C958E9C0066D030 /* nav_index@2x.png */ = {isa = PBXFileReference; lastKnownFileType = image.png; name = "nav_index@2x.png"; path = "Resources/nav_index@2x.png"; sourceTree = SOURCE_ROOT; };
		2F14F9F91C958E9C0066D030 /* nav_setting_act@2x.png */ = {isa = PBXFileReference; lastKnownFileType = image.png; name = "nav_setting_act@2x.png"; path = "Resources/nav_setting_act@2x.png"; sourceTree = SOURCE_ROOT; };
		2F14F9FA1C958E9C0066D030 /* nav_setting@2x.png */ = {isa = PBXFileReference; lastKnownFileType = image.png; name = "nav_setting@2x.png"; path = "Resources/nav_setting@2x.png"; sourceTree = SOURCE_ROOT; };
		2F14FA011C958F950066D030 /* index_first_meng@2x.png */ = {isa = PBXFileReference; lastKnownFileType = image.png; name = "index_first_meng@2x.png"; path = "Resources/index_first_meng@2x.png"; sourceTree = SOURCE_ROOT; };
		2F2FA8001CACE4A500540441 /* MRSCacheManager.h */ = {isa = PBXFileReference; fileEncoding = 4; lastKnownFileType = sourcecode.c.h; name = MRSCacheManager.h; path = CacheManager/MRSCacheManager.h; sourceTree = "<group>"; };
		2F2FA8011CACE4A500540441 /* MRSCacheManager.m */ = {isa = PBXFileReference; fileEncoding = 4; lastKnownFileType = sourcecode.c.objc; name = MRSCacheManager.m; path = CacheManager/MRSCacheManager.m; sourceTree = "<group>"; };
		2F2FA8031CACF8E300540441 /* MRSObjectCacheManager.h */ = {isa = PBXFileReference; fileEncoding = 4; lastKnownFileType = sourcecode.c.h; name = MRSObjectCacheManager.h; path = CacheManager/MRSObjectCacheManager.h; sourceTree = "<group>"; };
		2F2FA8041CACF8E300540441 /* MRSObjectCacheManager.m */ = {isa = PBXFileReference; fileEncoding = 4; lastKnownFileType = sourcecode.c.objc; name = MRSObjectCacheManager.m; path = CacheManager/MRSObjectCacheManager.m; sourceTree = "<group>"; };
		2F320E071C81942E008DC121 /* RadioInfo.h */ = {isa = PBXFileReference; fileEncoding = 4; lastKnownFileType = sourcecode.c.h; name = RadioInfo.h; path = play/RadioInfo.h; sourceTree = "<group>"; };
		2F320E081C81942E008DC121 /* RadioInfo.m */ = {isa = PBXFileReference; fileEncoding = 4; lastKnownFileType = sourcecode.c.objc; name = RadioInfo.m; path = play/RadioInfo.m; sourceTree = "<group>"; };
		2F3337881C803E9800927CF8 /* MoodRadioStation.app */ = {isa = PBXFileReference; explicitFileType = wrapper.application; includeInIndex = 0; path = MoodRadioStation.app; sourceTree = BUILT_PRODUCTS_DIR; };
		2F33378C1C803E9800927CF8 /* main.m */ = {isa = PBXFileReference; lastKnownFileType = sourcecode.c.objc; path = main.m; sourceTree = "<group>"; };
		2F33378E1C803E9800927CF8 /* AppDelegate.h */ = {isa = PBXFileReference; lastKnownFileType = sourcecode.c.h; path = AppDelegate.h; sourceTree = "<group>"; };
		2F33378F1C803E9800927CF8 /* AppDelegate.m */ = {isa = PBXFileReference; lastKnownFileType = sourcecode.c.objc; path = AppDelegate.m; sourceTree = "<group>"; };
		2F3337911C803E9800927CF8 /* ViewController.h */ = {isa = PBXFileReference; lastKnownFileType = sourcecode.c.h; path = ViewController.h; sourceTree = "<group>"; };
		2F3337921C803E9800927CF8 /* ViewController.m */ = {isa = PBXFileReference; lastKnownFileType = sourcecode.c.objc; path = ViewController.m; sourceTree = "<group>"; };
		2F3337951C803E9800927CF8 /* Base */ = {isa = PBXFileReference; lastKnownFileType = file.storyboard; name = Base; path = Base.lproj/Main.storyboard; sourceTree = "<group>"; };
		2F33379A1C803E9800927CF8 /* Base */ = {isa = PBXFileReference; lastKnownFileType = file.storyboard; name = Base; path = Base.lproj/LaunchScreen.storyboard; sourceTree = "<group>"; };
		2F33379C1C803E9800927CF8 /* Info.plist */ = {isa = PBXFileReference; lastKnownFileType = text.plist.xml; path = Info.plist; sourceTree = "<group>"; };
		2F524F2C1C85719400DB6DD2 /* play@2x.png */ = {isa = PBXFileReference; lastKnownFileType = image.png; name = "play@2x.png"; path = "Resources/play@2x.png"; sourceTree = SOURCE_ROOT; };
		2F524F2E1C85D7FB00DB6DD2 /* pause@2x.png */ = {isa = PBXFileReference; lastKnownFileType = image.png; name = "pause@2x.png"; path = "Resources/pause@2x.png"; sourceTree = SOURCE_ROOT; };
		2F59654A1C844F91007289A8 /* UIKitMacros.h */ = {isa = PBXFileReference; lastKnownFileType = sourcecode.c.h; path = UIKitMacros.h; sourceTree = "<group>"; };
		2F6CABD61C97E65500DD4984 /* MRSHotTagADViewController.h */ = {isa = PBXFileReference; fileEncoding = 4; lastKnownFileType = sourcecode.c.h; name = MRSHotTagADViewController.h; path = AD/MRSHotTagADViewController.h; sourceTree = "<group>"; };
		2F6CABD71C97E65500DD4984 /* MRSHotTagADViewController.m */ = {isa = PBXFileReference; fileEncoding = 4; lastKnownFileType = sourcecode.c.objc; name = MRSHotTagADViewController.m; path = AD/MRSHotTagADViewController.m; sourceTree = "<group>"; };
		2F6CABD81C97E65500DD4984 /* MRSHotTagInfo.h */ = {isa = PBXFileReference; fileEncoding = 4; lastKnownFileType = sourcecode.c.h; name = MRSHotTagInfo.h; path = AD/MRSHotTagInfo.h; sourceTree = "<group>"; };
		2F6CABD91C97E65500DD4984 /* MRSHotTagInfo.m */ = {isa = PBXFileReference; fileEncoding = 4; lastKnownFileType = sourcecode.c.objc; name = MRSHotTagInfo.m; path = AD/MRSHotTagInfo.m; sourceTree = "<group>"; };
		2F6CABDA1C97E65500DD4984 /* MRSHotTagModel.h */ = {isa = PBXFileReference; fileEncoding = 4; lastKnownFileType = sourcecode.c.h; name = MRSHotTagModel.h; path = AD/MRSHotTagModel.h; sourceTree = "<group>"; };
		2F6CABDB1C97E65500DD4984 /* MRSHotTagModel.m */ = {isa = PBXFileReference; fileEncoding = 4; lastKnownFileType = sourcecode.c.objc; name = MRSHotTagModel.m; path = AD/MRSHotTagModel.m; sourceTree = "<group>"; };
		2F6CABDC1C97E65500DD4984 /* MRSHotTagViewModel.h */ = {isa = PBXFileReference; fileEncoding = 4; lastKnownFileType = sourcecode.c.h; name = MRSHotTagViewModel.h; path = AD/MRSHotTagViewModel.h; sourceTree = "<group>"; };
		2F6CABDD1C97E65500DD4984 /* MRSHotTagViewModel.m */ = {isa = PBXFileReference; fileEncoding = 4; lastKnownFileType = sourcecode.c.objc; name = MRSHotTagViewModel.m; path = AD/MRSHotTagViewModel.m; sourceTree = "<group>"; };
		2F6CABE21C97E6AC00DD4984 /* dingshi.png */ = {isa = PBXFileReference; lastKnownFileType = image.png; name = dingshi.png; path = Resources/dingshi.png; sourceTree = SOURCE_ROOT; };
		2F6CABE31C97E6AC00DD4984 /* dingshibg.png */ = {isa = PBXFileReference; lastKnownFileType = image.png; name = dingshibg.png; path = Resources/dingshibg.png; sourceTree = SOURCE_ROOT; };
		2F6CABE41C97E6AC00DD4984 /* dingshiseek.png */ = {isa = PBXFileReference; lastKnownFileType = image.png; name = dingshiseek.png; path = Resources/dingshiseek.png; sourceTree = SOURCE_ROOT; };
		2F6CABE51C97E6AC00DD4984 /* off.png */ = {isa = PBXFileReference; lastKnownFileType = image.png; name = off.png; path = Resources/off.png; sourceTree = SOURCE_ROOT; };
		2F6CABE61C97E6AC00DD4984 /* on.png */ = {isa = PBXFileReference; lastKnownFileType = image.png; name = on.png; path = Resources/on.png; sourceTree = SOURCE_ROOT; };
		2F6CABED1C97E7B400DD4984 /* MRSSettingViewController.h */ = {isa = PBXFileReference; fileEncoding = 4; lastKnownFileType = sourcecode.c.h; name = MRSSettingViewController.h; path = Setting/MRSSettingViewController.h; sourceTree = "<group>"; };
		2F6CABEE1C97E7B400DD4984 /* MRSSettingViewController.m */ = {isa = PBXFileReference; fileEncoding = 4; lastKnownFileType = sourcecode.c.objc; name = MRSSettingViewController.m; path = Setting/MRSSettingViewController.m; sourceTree = "<group>"; };
		2F6CABF11C97E85700DD4984 /* MRSDingshiManager.h */ = {isa = PBXFileReference; fileEncoding = 4; lastKnownFileType = sourcecode.c.h; name = MRSDingshiManager.h; path = Setting/Dingshi/MRSDingshiManager.h; sourceTree = "<group>"; };
		2F6CABF21C97E85700DD4984 /* MRSDingshiManager.m */ = {isa = PBXFileReference; fileEncoding = 4; lastKnownFileType = sourcecode.c.objc; name = MRSDingshiManager.m; path = Setting/Dingshi/MRSDingshiManager.m; sourceTree = "<group>"; };
		2F6CABF41C97F9AD00DD4984 /* MRSDingshiView.h */ = {isa = PBXFileReference; fileEncoding = 4; lastKnownFileType = sourcecode.c.h; name = MRSDingshiView.h; path = Setting/Dingshi/MRSDingshiView.h; sourceTree = "<group>"; };
		2F6CABF51C97F9AD00DD4984 /* MRSDingshiView.m */ = {isa = PBXFileReference; fileEncoding = 4; lastKnownFileType = sourcecode.c.objc; name = MRSDingshiView.m; path = Setting/Dingshi/MRSDingshiView.m; sourceTree = "<group>"; };
		2F6CABF71C97FE8A00DD4984 /* MRSTimerView.h */ = {isa = PBXFileReference; fileEncoding = 4; lastKnownFileType = sourcecode.c.h; name = MRSTimerView.h; path = Setting/Dingshi/MRSTimerView.h; sourceTree = "<group>"; };
		2F6CABF81C97FE8A00DD4984 /* MRSTimerView.m */ = {isa = PBXFileReference; fileEncoding = 4; lastKnownFileType = sourcecode.c.objc; name = MRSTimerView.m; path = Setting/Dingshi/MRSTimerView.m; sourceTree = "<group>"; };
		2F89F5AD1C9190110062A870 /* MRSFindViewController.h */ = {isa = PBXFileReference; fileEncoding = 4; lastKnownFileType = sourcecode.c.h; name = MRSFindViewController.h; path = Find/MRSFindViewController.h; sourceTree = "<group>"; };
		2F89F5AE1C9190110062A870 /* MRSFindViewController.m */ = {isa = PBXFileReference; fileEncoding = 4; lastKnownFileType = sourcecode.c.objc; name = MRSFindViewController.m; path = Find/MRSFindViewController.m; sourceTree = "<group>"; };
		2F9C5F8D1CA7D820001DA2E0 /* w1.png */ = {isa = PBXFileReference; lastKnownFileType = image.png; name = w1.png; path = Resources/w1.png; sourceTree = SOURCE_ROOT; };
		2F9C5F8E1CA7D820001DA2E0 /* w2.png */ = {isa = PBXFileReference; lastKnownFileType = image.png; name = w2.png; path = Resources/w2.png; sourceTree = SOURCE_ROOT; };
		2F9C5F8F1CA7D820001DA2E0 /* w3.png */ = {isa = PBXFileReference; lastKnownFileType = image.png; name = w3.png; path = Resources/w3.png; sourceTree = SOURCE_ROOT; };
		2F9C5F901CA7D820001DA2E0 /* w4.png */ = {isa = PBXFileReference; lastKnownFileType = image.png; name = w4.png; path = Resources/w4.png; sourceTree = SOURCE_ROOT; };
		2F9C5F911CA7D820001DA2E0 /* w5.png */ = {isa = PBXFileReference; lastKnownFileType = image.png; name = w5.png; path = Resources/w5.png; sourceTree = SOURCE_ROOT; };
		2F9C5F921CA7D820001DA2E0 /* w6.png */ = {isa = PBXFileReference; lastKnownFileType = image.png; name = w6.png; path = Resources/w6.png; sourceTree = SOURCE_ROOT; };
		2F9C5F9A1CA80FF5001DA2E0 /* Images.xcassets */ = {isa = PBXFileReference; lastKnownFileType = folder.assetcatalog; path = Images.xcassets; sourceTree = "<group>"; };
		2FB86D9E1C8E802D00B89E76 /* MRSNoContentView.h */ = {isa = PBXFileReference; fileEncoding = 4; lastKnownFileType = sourcecode.c.h; name = MRSNoContentView.h; path = MRSUIFoundation/MRSNoContentView.h; sourceTree = "<group>"; };
		2FB86D9F1C8E802D00B89E76 /* MRSNoContentView.m */ = {isa = PBXFileReference; fileEncoding = 4; lastKnownFileType = sourcecode.c.objc; name = MRSNoContentView.m; path = MRSUIFoundation/MRSNoContentView.m; sourceTree = "<group>"; };
		2FB86DA31C8E845900B89E76 /* next@2x.png */ = {isa = PBXFileReference; lastKnownFileType = image.png; name = "next@2x.png"; path = "Resources/next@2x.png"; sourceTree = SOURCE_ROOT; };
		2FB86DA41C8E845900B89E76 /* pre@2x.png */ = {isa = PBXFileReference; lastKnownFileType = image.png; name = "pre@2x.png"; path = "Resources/pre@2x.png"; sourceTree = SOURCE_ROOT; };
		2FB86DA61C8E845900B89E76 /* y1.png */ = {isa = PBXFileReference; lastKnownFileType = image.png; name = y1.png; path = Resources/y1.png; sourceTree = SOURCE_ROOT; };
		2FB86DA71C8E845900B89E76 /* y2.png */ = {isa = PBXFileReference; lastKnownFileType = image.png; name = y2.png; path = Resources/y2.png; sourceTree = SOURCE_ROOT; };
		2FB86DA81C8E845900B89E76 /* y3.png */ = {isa = PBXFileReference; lastKnownFileType = image.png; name = y3.png; path = Resources/y3.png; sourceTree = SOURCE_ROOT; };
		2FB86DA91C8E845900B89E76 /* y4.png */ = {isa = PBXFileReference; lastKnownFileType = image.png; name = y4.png; path = Resources/y4.png; sourceTree = SOURCE_ROOT; };
		2FB86DAA1C8E845900B89E76 /* y5.png */ = {isa = PBXFileReference; lastKnownFileType = image.png; name = y5.png; path = Resources/y5.png; sourceTree = SOURCE_ROOT; };
		2FB86DAB1C8E845900B89E76 /* y6.png */ = {isa = PBXFileReference; lastKnownFileType = image.png; name = y6.png; path = Resources/y6.png; sourceTree = SOURCE_ROOT; };
		2FB86DB51C8E912200B89E76 /* no_content_image@2x.png */ = {isa = PBXFileReference; lastKnownFileType = image.png; name = "no_content_image@2x.png"; path = "Resources/no_content_image@2x.png"; sourceTree = SOURCE_ROOT; };
		2FB86DB71C8EA0F000B89E76 /* MRSCircleImageView.h */ = {isa = PBXFileReference; fileEncoding = 4; lastKnownFileType = sourcecode.c.h; name = MRSCircleImageView.h; path = MRSUIFoundation/MRSCircleImageView.h; sourceTree = "<group>"; };
		2FB86DB81C8EA0F000B89E76 /* MRSCircleImageView.m */ = {isa = PBXFileReference; fileEncoding = 4; lastKnownFileType = sourcecode.c.objc; name = MRSCircleImageView.m; path = MRSUIFoundation/MRSCircleImageView.m; sourceTree = "<group>"; };
		2FB86DBA1C8EA2A200B89E76 /* MRSSpeakerDescView.h */ = {isa = PBXFileReference; fileEncoding = 4; lastKnownFileType = sourcecode.c.h; name = MRSSpeakerDescView.h; path = play/MRSSpeakerDescView.h; sourceTree = "<group>"; };
		2FB86DBB1C8EA2A200B89E76 /* MRSSpeakerDescView.m */ = {isa = PBXFileReference; fileEncoding = 4; lastKnownFileType = sourcecode.c.objc; name = MRSSpeakerDescView.m; path = play/MRSSpeakerDescView.m; sourceTree = "<group>"; };
		2FB86DBD1C8EAB4400B89E76 /* default_circle_avatar@2x.png */ = {isa = PBXFileReference; lastKnownFileType = image.png; name = "default_circle_avatar@2x.png"; path = "Resources/default_circle_avatar@2x.png"; sourceTree = SOURCE_ROOT; };
		2FB86DC21C8F055400B89E76 /* MRSPlayerImageAnimationLoadingView.h */ = {isa = PBXFileReference; fileEncoding = 4; lastKnownFileType = sourcecode.c.h; name = MRSPlayerImageAnimationLoadingView.h; path = MRSUIFoundation/MRSPlayerImageAnimationLoadingView.h; sourceTree = "<group>"; };
		2FB86DC31C8F055400B89E76 /* MRSPlayerImageAnimationLoadingView.m */ = {isa = PBXFileReference; fileEncoding = 4; lastKnownFileType = sourcecode.c.objc; name = MRSPlayerImageAnimationLoadingView.m; path = MRSUIFoundation/MRSPlayerImageAnimationLoadingView.m; sourceTree = "<group>"; };
		2FB9EC491C8A773E00356374 /* FMListViewModel.h */ = {isa = PBXFileReference; fileEncoding = 4; lastKnownFileType = sourcecode.c.h; name = FMListViewModel.h; path = List/FMListViewModel.h; sourceTree = "<group>"; };
		2FB9EC4A1C8A773E00356374 /* FMListViewModel.m */ = {isa = PBXFileReference; fileEncoding = 4; lastKnownFileType = sourcecode.c.objc; name = FMListViewModel.m; path = List/FMListViewModel.m; sourceTree = "<group>"; };
		2FB9EC4F1C8AA55E00356374 /* NSArrayAdditions.h */ = {isa = PBXFileReference; fileEncoding = 4; lastKnownFileType = sourcecode.c.h; path = NSArrayAdditions.h; sourceTree = "<group>"; };
		2FB9EC501C8AA55E00356374 /* NSArrayAdditions.m */ = {isa = PBXFileReference; fileEncoding = 4; lastKnownFileType = sourcecode.c.objc; path = NSArrayAdditions.m; sourceTree = "<group>"; };
		2FB9EC521C8AADDF00356374 /* TagListCellItem.h */ = {isa = PBXFileReference; fileEncoding = 4; lastKnownFileType = sourcecode.c.h; name = TagListCellItem.h; path = List/TagListCellItem.h; sourceTree = "<group>"; };
		2FB9EC531C8AADDF00356374 /* TagListCellItem.m */ = {isa = PBXFileReference; fileEncoding = 4; lastKnownFileType = sourcecode.c.objc; name = TagListCellItem.m; path = List/TagListCellItem.m; sourceTree = "<group>"; };
		2FB9EC551C8AB0C200356374 /* MRSURLImageView.h */ = {isa = PBXFileReference; fileEncoding = 4; lastKnownFileType = sourcecode.c.h; name = MRSURLImageView.h; path = MRSUIFoundation/MRSURLImageView.h; sourceTree = "<group>"; };
		2FB9EC561C8AB0C200356374 /* MRSURLImageView.m */ = {isa = PBXFileReference; fileEncoding = 4; lastKnownFileType = sourcecode.c.objc; name = MRSURLImageView.m; path = MRSUIFoundation/MRSURLImageView.m; sourceTree = "<group>"; };
		2FB9EC581C8AB46000356374 /* default_cover@2x.png */ = {isa = PBXFileReference; lastKnownFileType = image.png; name = "default_cover@2x.png"; path = "Resources/default_cover@2x.png"; sourceTree = SOURCE_ROOT; };
		2FB9EC5A1C8AB46700356374 /* list_default@2x.png */ = {isa = PBXFileReference; lastKnownFileType = image.png; name = "list_default@2x.png"; path = "Resources/list_default@2x.png"; sourceTree = SOURCE_ROOT; };
		2FB9EC5C1C8ABF2A00356374 /* RadioPlayerViewController.m */ = {isa = PBXFileReference; fileEncoding = 4; lastKnownFileType = sourcecode.c.objc; name = RadioPlayerViewController.m; path = play/RadioPlayerViewController.m; sourceTree = "<group>"; };
		2FBB52D51C968CD200EA59F6 /* MRSIndexCategory.h */ = {isa = PBXFileReference; fileEncoding = 4; lastKnownFileType = sourcecode.c.h; name = MRSIndexCategory.h; path = Index/MRSIndexCategory.h; sourceTree = "<group>"; };
		2FBB52D61C968CD200EA59F6 /* MRSIndexCategory.m */ = {isa = PBXFileReference; fileEncoding = 4; lastKnownFileType = sourcecode.c.objc; name = MRSIndexCategory.m; path = Index/MRSIndexCategory.m; sourceTree = "<group>"; };
		2FBB52D71C968CD200EA59F6 /* MRSIndexCategoryViewProductor.h */ = {isa = PBXFileReference; fileEncoding = 4; lastKnownFileType = sourcecode.c.h; name = MRSIndexCategoryViewProductor.h; path = Index/MRSIndexCategoryViewProductor.h; sourceTree = "<group>"; };
		2FBB52D81C968CD200EA59F6 /* MRSIndexCategoryViewProductor.m */ = {isa = PBXFileReference; fileEncoding = 4; lastKnownFileType = sourcecode.c.objc; name = MRSIndexCategoryViewProductor.m; path = Index/MRSIndexCategoryViewProductor.m; sourceTree = "<group>"; };
		2FBB52D91C968CD200EA59F6 /* MRSIndexInfo.h */ = {isa = PBXFileReference; fileEncoding = 4; lastKnownFileType = sourcecode.c.h; name = MRSIndexInfo.h; path = Index/MRSIndexInfo.h; sourceTree = "<group>"; };
		2FBB52DA1C968CD200EA59F6 /* MRSIndexInfo.m */ = {isa = PBXFileReference; fileEncoding = 4; lastKnownFileType = sourcecode.c.objc; name = MRSIndexInfo.m; path = Index/MRSIndexInfo.m; sourceTree = "<group>"; };
		2FBB52DB1C968CD200EA59F6 /* MRSIndexModel.h */ = {isa = PBXFileReference; fileEncoding = 4; lastKnownFileType = sourcecode.c.h; name = MRSIndexModel.h; path = Index/MRSIndexModel.h; sourceTree = "<group>"; };
		2FBB52DC1C968CD200EA59F6 /* MRSIndexModel.m */ = {isa = PBXFileReference; fileEncoding = 4; lastKnownFileType = sourcecode.c.objc; name = MRSIndexModel.m; path = Index/MRSIndexModel.m; sourceTree = "<group>"; };
		2FBB52DD1C968CD200EA59F6 /* MRSIndexViewController.h */ = {isa = PBXFileReference; fileEncoding = 4; lastKnownFileType = sourcecode.c.h; name = MRSIndexViewController.h; path = Index/MRSIndexViewController.h; sourceTree = "<group>"; };
		2FBB52DE1C968CD200EA59F6 /* MRSIndexViewController.m */ = {isa = PBXFileReference; fileEncoding = 4; lastKnownFileType = sourcecode.c.objc; name = MRSIndexViewController.m; path = Index/MRSIndexViewController.m; sourceTree = "<group>"; };
		2FBB52DF1C968CD200EA59F6 /* MRSIndexViewModel.h */ = {isa = PBXFileReference; fileEncoding = 4; lastKnownFileType = sourcecode.c.h; name = MRSIndexViewModel.h; path = Index/MRSIndexViewModel.h; sourceTree = "<group>"; };
		2FBB52E01C968CD200EA59F6 /* MRSIndexViewModel.m */ = {isa = PBXFileReference; fileEncoding = 4; lastKnownFileType = sourcecode.c.objc; name = MRSIndexViewModel.m; path = Index/MRSIndexViewModel.m; sourceTree = "<group>"; };
		2FBB52E71C96A02300EA59F6 /* MRSJieMuListModel.h */ = {isa = PBXFileReference; fileEncoding = 4; lastKnownFileType = sourcecode.c.h; name = MRSJieMuListModel.h; path = Index/MRSJieMuListModel.h; sourceTree = "<group>"; };
		2FBB52E81C96A02300EA59F6 /* MRSJieMuListModel.m */ = {isa = PBXFileReference; fileEncoding = 4; lastKnownFileType = sourcecode.c.objc; name = MRSJieMuListModel.m; path = Index/MRSJieMuListModel.m; sourceTree = "<group>"; };
		2FBB52EA1C96A1AD00EA59F6 /* MRSJieMuListViewModel.h */ = {isa = PBXFileReference; fileEncoding = 4; lastKnownFileType = sourcecode.c.h; name = MRSJieMuListViewModel.h; path = Index/MRSJieMuListViewModel.h; sourceTree = "<group>"; };
		2FBB52EB1C96A1AD00EA59F6 /* MRSJieMuListViewModel.m */ = {isa = PBXFileReference; fileEncoding = 4; lastKnownFileType = sourcecode.c.objc; name = MRSJieMuListViewModel.m; path = Index/MRSJieMuListViewModel.m; sourceTree = "<group>"; };
		2FBB52ED1C96A32C00EA59F6 /* MRSJieMuListViewController.h */ = {isa = PBXFileReference; fileEncoding = 4; lastKnownFileType = sourcecode.c.h; name = MRSJieMuListViewController.h; path = Index/MRSJieMuListViewController.h; sourceTree = "<group>"; };
		2FBB52EE1C96A32C00EA59F6 /* MRSJieMuListViewController.m */ = {isa = PBXFileReference; fileEncoding = 4; lastKnownFileType = sourcecode.c.objc; name = MRSJieMuListViewController.m; path = Index/MRSJieMuListViewController.m; sourceTree = "<group>"; };
		2FBB52F01C96AF0100EA59F6 /* MRSHotFmViewProductor.h */ = {isa = PBXFileReference; fileEncoding = 4; lastKnownFileType = sourcecode.c.h; name = MRSHotFmViewProductor.h; path = Index/MRSHotFmViewProductor.h; sourceTree = "<group>"; };
		2FBB52F11C96AF0100EA59F6 /* MRSHotFmViewProductor.m */ = {isa = PBXFileReference; fileEncoding = 4; lastKnownFileType = sourcecode.c.objc; name = MRSHotFmViewProductor.m; path = Index/MRSHotFmViewProductor.m; sourceTree = "<group>"; };
		2FBB52F31C96D14A00EA59F6 /* MRSCellViewProductor.h */ = {isa = PBXFileReference; fileEncoding = 4; lastKnownFileType = sourcecode.c.h; name = MRSCellViewProductor.h; path = Index/MRSCellViewProductor.h; sourceTree = "<group>"; };
		2FBB52F41C96D14A00EA59F6 /* MRSCellViewProductor.m */ = {isa = PBXFileReference; fileEncoding = 4; lastKnownFileType = sourcecode.c.objc; name = MRSCellViewProductor.m; path = Index/MRSCellViewProductor.m; sourceTree = "<group>"; };
		2FBB52F61C96D57D00EA59F6 /* index_item_more@2x.png */ = {isa = PBXFileReference; lastKnownFileType = image.png; name = "index_item_more@2x.png"; path = "Resources/index_item_more@2x.png"; sourceTree = SOURCE_ROOT; };
		2FBF8C151C9002F800FE7C31 /* MRSADViewController.h */ = {isa = PBXFileReference; fileEncoding = 4; lastKnownFileType = sourcecode.c.h; name = MRSADViewController.h; path = MRSUIFoundation/MRSADViewController.h; sourceTree = "<group>"; };
		2FBF8C161C9002F800FE7C31 /* MRSADViewController.m */ = {isa = PBXFileReference; fileEncoding = 4; lastKnownFileType = sourcecode.c.objc; name = MRSADViewController.m; path = MRSUIFoundation/MRSADViewController.m; sourceTree = "<group>"; };
		2FBF8C251C90305E00FE7C31 /* AD_default@2x.png */ = {isa = PBXFileReference; lastKnownFileType = image.png; name = "AD_default@2x.png"; path = "Resources/AD_default@2x.png"; sourceTree = SOURCE_ROOT; };
		2FCB2A201C8BC98000851689 /* MRSFetchResultController.h */ = {isa = PBXFileReference; fileEncoding = 4; lastKnownFileType = sourcecode.c.h; name = MRSFetchResultController.h; path = MRSUIFoundation/MRSFetchResultController.h; sourceTree = "<group>"; };
		2FCB2A211C8BC98000851689 /* MRSFetchResultController.m */ = {isa = PBXFileReference; fileEncoding = 4; lastKnownFileType = sourcecode.c.objc; name = MRSFetchResultController.m; path = MRSUIFoundation/MRSFetchResultController.m; sourceTree = "<group>"; };
		2FCB2A231C8BCDEB00851689 /* MRSFetchResultSectionInfo.h */ = {isa = PBXFileReference; fileEncoding = 4; lastKnownFileType = sourcecode.c.h; name = MRSFetchResultSectionInfo.h; path = MRSUIFoundation/MRSFetchResultSectionInfo.h; sourceTree = "<group>"; };
		2FCB2A241C8BCDEB00851689 /* MRSFetchResultSectionInfo.m */ = {isa = PBXFileReference; fileEncoding = 4; lastKnownFileType = sourcecode.c.objc; name = MRSFetchResultSectionInfo.m; path = MRSUIFoundation/MRSFetchResultSectionInfo.m; sourceTree = "<group>"; };
		2FCB2A261C8C47EE00851689 /* MRSSpeakerInfo.h */ = {isa = PBXFileReference; fileEncoding = 4; lastKnownFileType = sourcecode.c.h; name = MRSSpeakerInfo.h; path = play/MRSSpeakerInfo.h; sourceTree = "<group>"; };
		2FCB2A271C8C47EE00851689 /* MRSSpeakerInfo.m */ = {isa = PBXFileReference; fileEncoding = 4; lastKnownFileType = sourcecode.c.objc; name = MRSSpeakerInfo.m; path = play/MRSSpeakerInfo.m; sourceTree = "<group>"; };
		2FCC598E1C86DEE5008B2621 /* progress_btn@2x.png */ = {isa = PBXFileReference; lastKnownFileType = image.png; name = "progress_btn@2x.png"; path = "Resources/progress_btn@2x.png"; sourceTree = SOURCE_ROOT; };
		2FCC59941C872704008B2621 /* PlayerBackgroundView.h */ = {isa = PBXFileReference; fileEncoding = 4; lastKnownFileType = sourcecode.c.h; name = PlayerBackgroundView.h; path = play/PlayerBackgroundView.h; sourceTree = "<group>"; };
		2FCC59951C872704008B2621 /* PlayerBackgroundView.m */ = {isa = PBXFileReference; fileEncoding = 4; lastKnownFileType = sourcecode.c.objc; name = PlayerBackgroundView.m; path = play/PlayerBackgroundView.m; sourceTree = "<group>"; };
		2FCC59961C872704008B2621 /* RadioInfoModel.h */ = {isa = PBXFileReference; fileEncoding = 4; lastKnownFileType = sourcecode.c.h; name = RadioInfoModel.h; path = play/RadioInfoModel.h; sourceTree = "<group>"; };
		2FCC59971C872704008B2621 /* RadioInfoModel.m */ = {isa = PBXFileReference; fileEncoding = 4; lastKnownFileType = sourcecode.c.objc; name = RadioInfoModel.m; path = play/RadioInfoModel.m; sourceTree = "<group>"; };
		2FCC59981C872704008B2621 /* RadioPlayerViewController.h */ = {isa = PBXFileReference; fileEncoding = 4; lastKnownFileType = sourcecode.c.h; name = RadioPlayerViewController.h; path = play/RadioPlayerViewController.h; sourceTree = "<group>"; };
		2FCC599A1C872704008B2621 /* RadioViewModel.h */ = {isa = PBXFileReference; fileEncoding = 4; lastKnownFileType = sourcecode.c.h; name = RadioViewModel.h; path = play/RadioViewModel.h; sourceTree = "<group>"; };
		2FCC599B1C872704008B2621 /* RadioViewModel.m */ = {isa = PBXFileReference; fileEncoding = 4; lastKnownFileType = sourcecode.c.objc; name = RadioViewModel.m; path = play/RadioViewModel.m; sourceTree = "<group>"; };
		2FCC59A11C87273C008B2621 /* MRSImageAnimationLoadingView.h */ = {isa = PBXFileReference; fileEncoding = 4; lastKnownFileType = sourcecode.c.h; name = MRSImageAnimationLoadingView.h; path = MRSUIFoundation/MRSImageAnimationLoadingView.h; sourceTree = "<group>"; };
		2FCC59A21C87273C008B2621 /* MRSImageAnimationLoadingView.m */ = {isa = PBXFileReference; fileEncoding = 4; lastKnownFileType = sourcecode.c.objc; name = MRSImageAnimationLoadingView.m; path = MRSUIFoundation/MRSImageAnimationLoadingView.m; sourceTree = "<group>"; };
		2FCC59A31C87273C008B2621 /* MRSImageView.h */ = {isa = PBXFileReference; fileEncoding = 4; lastKnownFileType = sourcecode.c.h; name = MRSImageView.h; path = MRSUIFoundation/MRSImageView.h; sourceTree = "<group>"; };
		2FCC59A41C87273C008B2621 /* MRSImageView.m */ = {isa = PBXFileReference; fileEncoding = 4; lastKnownFileType = sourcecode.c.objc; name = MRSImageView.m; path = MRSUIFoundation/MRSImageView.m; sourceTree = "<group>"; };
		2FD18C761C8D6CC8002836A4 /* white_back@2x.png */ = {isa = PBXFileReference; lastKnownFileType = image.png; name = "white_back@2x.png"; path = "Resources/white_back@2x.png"; sourceTree = SOURCE_ROOT; };
		2FD18C781C8DB5A8002836A4 /* back@2x.png */ = {isa = PBXFileReference; lastKnownFileType = image.png; name = "back@2x.png"; path = "Resources/back@2x.png"; sourceTree = SOURCE_ROOT; };
		2FD55C141CB0C8BC0055CD4E /* MRSRadioDao.m */ = {isa = PBXFileReference; fileEncoding = 4; lastKnownFileType = sourcecode.c.objc; name = MRSRadioDao.m; path = play/MRSRadioDao.m; sourceTree = "<group>"; };
		2FD55C161CB0C95A0055CD4E /* MRSRadioDao.h */ = {isa = PBXFileReference; lastKnownFileType = sourcecode.c.h; name = MRSRadioDao.h; path = play/MRSRadioDao.h; sourceTree = "<group>"; };
		2FE0DDE81C8963E300A705C3 /* pull_arrow@2x.png */ = {isa = PBXFileReference; lastKnownFileType = image.png; name = "pull_arrow@2x.png"; path = "Resources/pull_arrow@2x.png"; sourceTree = SOURCE_ROOT; };
		2FE0DDEA1C89875000A705C3 /* MRSListViewController.h */ = {isa = PBXFileReference; fileEncoding = 4; lastKnownFileType = sourcecode.c.h; name = MRSListViewController.h; path = List/MRSListViewController.h; sourceTree = "<group>"; };
		2FE0DDEB1C89875000A705C3 /* MRSListViewController.m */ = {isa = PBXFileReference; fileEncoding = 4; lastKnownFileType = sourcecode.c.objc; name = MRSListViewController.m; path = List/MRSListViewController.m; sourceTree = "<group>"; };
		2FE0DDF91C89D5C300A705C3 /* FMInfo.h */ = {isa = PBXFileReference; fileEncoding = 4; lastKnownFileType = sourcecode.c.h; name = FMInfo.h; path = List/FMInfo.h; sourceTree = "<group>"; };
		2FE0DDFA1C89D5C300A705C3 /* FMInfo.m */ = {isa = PBXFileReference; fileEncoding = 4; lastKnownFileType = sourcecode.c.objc; name = FMInfo.m; path = List/FMInfo.m; sourceTree = "<group>"; };
		2FE0DDFB1C89D5C300A705C3 /* FMListModel.h */ = {isa = PBXFileReference; fileEncoding = 4; lastKnownFileType = sourcecode.c.h; name = FMListModel.h; path = List/FMListModel.h; sourceTree = "<group>"; };
		2FE0DDFC1C89D5C300A705C3 /* FMListModel.m */ = {isa = PBXFileReference; fileEncoding = 4; lastKnownFileType = sourcecode.c.objc; name = FMListModel.m; path = List/FMListModel.m; sourceTree = "<group>"; };
		2FE0DDFD1C89D5C300A705C3 /* TagListViewController.h */ = {isa = PBXFileReference; fileEncoding = 4; lastKnownFileType = sourcecode.c.h; name = TagListViewController.h; path = List/TagListViewController.h; sourceTree = "<group>"; };
		2FE0DDFE1C89D5C300A705C3 /* TagListViewController.m */ = {isa = PBXFileReference; fileEncoding = 4; lastKnownFileType = sourcecode.c.objc; name = TagListViewController.m; path = List/TagListViewController.m; sourceTree = "<group>"; };
		2FE0DDFF1C89D5C300A705C3 /* MRSLoadingMoreCell.h */ = {isa = PBXFileReference; fileEncoding = 4; lastKnownFileType = sourcecode.c.h; name = MRSLoadingMoreCell.h; path = List/MRSLoadingMoreCell.h; sourceTree = "<group>"; };
		2FE0DE001C89D5C300A705C3 /* MRSLoadingMoreCell.m */ = {isa = PBXFileReference; fileEncoding = 4; lastKnownFileType = sourcecode.c.objc; name = MRSLoadingMoreCell.m; path = List/MRSLoadingMoreCell.m; sourceTree = "<group>"; };
		2FE0DE011C89D5C300A705C3 /* MRSRefreshHeader.h */ = {isa = PBXFileReference; fileEncoding = 4; lastKnownFileType = sourcecode.c.h; name = MRSRefreshHeader.h; path = List/MRSRefreshHeader.h; sourceTree = "<group>"; };
		2FE0DE021C89D5C300A705C3 /* MRSRefreshHeader.m */ = {isa = PBXFileReference; fileEncoding = 4; lastKnownFileType = sourcecode.c.objc; name = MRSRefreshHeader.m; path = List/MRSRefreshHeader.m; sourceTree = "<group>"; };
		2FE2718A1CABAEA30073E62E /* MRSCacheEntity.h */ = {isa = PBXFileReference; fileEncoding = 4; lastKnownFileType = sourcecode.c.h; name = MRSCacheEntity.h; path = CacheManager/MRSCacheEntity.h; sourceTree = "<group>"; };
		2FE2718B1CABAEA30073E62E /* MRSCacheEntity.m */ = {isa = PBXFileReference; fileEncoding = 4; lastKnownFileType = sourcecode.c.objc; name = MRSCacheEntity.m; path = CacheManager/MRSCacheEntity.m; sourceTree = "<group>"; };
		2FE2718D1CABAFCE0073E62E /* MRSMemoryCacheManager.h */ = {isa = PBXFileReference; fileEncoding = 4; lastKnownFileType = sourcecode.c.h; name = MRSMemoryCacheManager.h; path = CacheManager/MRSMemoryCacheManager.h; sourceTree = "<group>"; };
		2FE2718E1CABAFCE0073E62E /* MRSMemoryCacheManager.m */ = {isa = PBXFileReference; fileEncoding = 4; lastKnownFileType = sourcecode.c.objc; name = MRSMemoryCacheManager.m; path = CacheManager/MRSMemoryCacheManager.m; sourceTree = "<group>"; };
		2FE271901CABBCA40073E62E /* MRSCacheManagerProtocol.h */ = {isa = PBXFileReference; fileEncoding = 4; lastKnownFileType = sourcecode.c.h; name = MRSCacheManagerProtocol.h; path = CacheManager/MRSCacheManagerProtocol.h; sourceTree = "<group>"; };
		2FE271931CABCB740073E62E /* MRSPersistentCacheManager.h */ = {isa = PBXFileReference; fileEncoding = 4; lastKnownFileType = sourcecode.c.h; name = MRSPersistentCacheManager.h; path = CacheManager/MRSPersistentCacheManager.h; sourceTree = "<group>"; };
		2FE271941CABCB740073E62E /* MRSPersistentCacheManager.m */ = {isa = PBXFileReference; fileEncoding = 4; lastKnownFileType = sourcecode.c.objc; name = MRSPersistentCacheManager.m; path = CacheManager/MRSPersistentCacheManager.m; sourceTree = "<group>"; };
		2FE271961CABECEE0073E62E /* MRSURLCacheManager.h */ = {isa = PBXFileReference; fileEncoding = 4; lastKnownFileType = sourcecode.c.h; name = MRSURLCacheManager.h; path = CacheManager/MRSURLCacheManager.h; sourceTree = "<group>"; };
		2FE271971CABECEE0073E62E /* MRSURLCacheManager.m */ = {isa = PBXFileReference; fileEncoding = 4; lastKnownFileType = sourcecode.c.objc; name = MRSURLCacheManager.m; path = CacheManager/MRSURLCacheManager.m; sourceTree = "<group>"; };
		2FE3A1711CAF8A3A00DE3191 /* MRSDownloadHelper.h */ = {isa = PBXFileReference; fileEncoding = 4; lastKnownFileType = sourcecode.c.h; name = MRSDownloadHelper.h; path = play/MRSDownloadHelper.h; sourceTree = "<group>"; };
		2FE3A1721CAF8A3A00DE3191 /* MRSDownloadHelper.m */ = {isa = PBXFileReference; fileEncoding = 4; lastKnownFileType = sourcecode.c.objc; name = MRSDownloadHelper.m; path = play/MRSDownloadHelper.m; sourceTree = "<group>"; };
		2FE3A1741CAF9E3300DE3191 /* test.plist */ = {isa = PBXFileReference; fileEncoding = 4; lastKnownFileType = text.plist.xml; path = test.plist; sourceTree = "<group>"; };
		2FE3A1761CAFB05700DE3191 /* detail.png */ = {isa = PBXFileReference; lastKnownFileType = image.png; name = detail.png; path = Resources/detail.png; sourceTree = SOURCE_ROOT; };
		2FE3A1781CAFB2A700DE3191 /* MRSMyDownLoadTableViewController.h */ = {isa = PBXFileReference; fileEncoding = 4; lastKnownFileType = sourcecode.c.h; name = MRSMyDownLoadTableViewController.h; path = Setting/MRSMyDownLoadTableViewController.h; sourceTree = "<group>"; };
		2FE3A1791CAFB2A700DE3191 /* MRSMyDownLoadTableViewController.m */ = {isa = PBXFileReference; fileEncoding = 4; lastKnownFileType = sourcecode.c.objc; name = MRSMyDownLoadTableViewController.m; path = Setting/MRSMyDownLoadTableViewController.m; sourceTree = "<group>"; };
		2FE3A17B1CAFB47D00DE3191 /* MRSMyDownloadViewModel.h */ = {isa = PBXFileReference; fileEncoding = 4; lastKnownFileType = sourcecode.c.h; name = MRSMyDownloadViewModel.h; path = Setting/MRSMyDownloadViewModel.h; sourceTree = "<group>"; };
		2FE3A17C1CAFB47D00DE3191 /* MRSMyDownloadViewModel.m */ = {isa = PBXFileReference; fileEncoding = 4; lastKnownFileType = sourcecode.c.objc; name = MRSMyDownloadViewModel.m; path = Setting/MRSMyDownloadViewModel.m; sourceTree = "<group>"; };
		2FE3A17E1CAFE01700DE3191 /* MyDownloadItem.h */ = {isa = PBXFileReference; fileEncoding = 4; lastKnownFileType = sourcecode.c.h; name = MyDownloadItem.h; path = Setting/MyDownloadItem.h; sourceTree = "<group>"; };
		2FE3A17F1CAFE01700DE3191 /* MyDownloadItem.m */ = {isa = PBXFileReference; fileEncoding = 4; lastKnownFileType = sourcecode.c.objc; name = MyDownloadItem.m; path = Setting/MyDownloadItem.m; sourceTree = "<group>"; };
		2FE3A1811CAFE37800DE3191 /* myDownload_detail_icon.png */ = {isa = PBXFileReference; lastKnownFileType = image.png; name = myDownload_detail_icon.png; path = Resources/myDownload_detail_icon.png; sourceTree = SOURCE_ROOT; };
		2FE75CC31CAE551C00DDA040 /* image_clean_icon.png */ = {isa = PBXFileReference; lastKnownFileType = image.png; name = image_clean_icon.png; path = Resources/image_clean_icon.png; sourceTree = SOURCE_ROOT; };
		2FE75CC81CAE6B7500DDA040 /* my_download@2x.png */ = {isa = PBXFileReference; lastKnownFileType = image.png; name = "my_download@2x.png"; path = "Resources/my_download@2x.png"; sourceTree = SOURCE_ROOT; };
		2FF970981C93B5F300EB7A77 /* MRSCategoryView.h */ = {isa = PBXFileReference; fileEncoding = 4; lastKnownFileType = sourcecode.c.h; name = MRSCategoryView.h; path = Find/MRSCategoryView.h; sourceTree = "<group>"; };
		2FF970991C93B5F300EB7A77 /* MRSCategoryView.m */ = {isa = PBXFileReference; fileEncoding = 4; lastKnownFileType = sourcecode.c.objc; name = MRSCategoryView.m; path = Find/MRSCategoryView.m; sourceTree = "<group>"; };
		2FF9709B1C93D27500EB7A77 /* beishang@2x.png */ = {isa = PBXFileReference; lastKnownFileType = image.png; name = "beishang@2x.png"; path = "Resources/beishang@2x.png"; sourceTree = SOURCE_ROOT; };
		2FF9709C1C93D27500EB7A77 /* duchu@2x.png */ = {isa = PBXFileReference; lastKnownFileType = image.png; name = "duchu@2x.png"; path = "Resources/duchu@2x.png"; sourceTree = SOURCE_ROOT; };
		2FF9709D1C93D27500EB7A77 /* fanzao@2x.png */ = {isa = PBXFileReference; lastKnownFileType = image.png; name = "fanzao@2x.png"; path = "Resources/fanzao@2x.png"; sourceTree = SOURCE_ROOT; };
		2FF9709E1C93D27500EB7A77 /* gandong@2x.png */ = {isa = PBXFileReference; lastKnownFileType = image.png; name = "gandong@2x.png"; path = "Resources/gandong@2x.png"; sourceTree = SOURCE_ROOT; };
		2FF9709F1C93D27500EB7A77 /* gudu@2x.png */ = {isa = PBXFileReference; lastKnownFileType = image.png; name = "gudu@2x.png"; path = "Resources/gudu@2x.png"; sourceTree = SOURCE_ROOT; };
		2FF970A01C93D27500EB7A77 /* index_fm_bg@2x.png */ = {isa = PBXFileReference; lastKnownFileType = image.png; name = "index_fm_bg@2x.png"; path = "Resources/index_fm_bg@2x.png"; sourceTree = SOURCE_ROOT; };
		2FF970A11C93D27500EB7A77 /* jianya@2x.png */ = {isa = PBXFileReference; lastKnownFileType = image.png; name = "jianya@2x.png"; path = "Resources/jianya@2x.png"; sourceTree = SOURCE_ROOT; };
		2FF970A21C93D27500EB7A77 /* kuaile@2x.png */ = {isa = PBXFileReference; lastKnownFileType = image.png; name = "kuaile@2x.png"; path = "Resources/kuaile@2x.png"; sourceTree = SOURCE_ROOT; };
		2FF970A31C93D27500EB7A77 /* lvxing@2x.png */ = {isa = PBXFileReference; lastKnownFileType = image.png; name = "lvxing@2x.png"; path = "Resources/lvxing@2x.png"; sourceTree = SOURCE_ROOT; };
		2FF970A41C93D27500EB7A77 /* mimang@2x.png */ = {isa = PBXFileReference; lastKnownFileType = image.png; name = "mimang@2x.png"; path = "Resources/mimang@2x.png"; sourceTree = SOURCE_ROOT; };
		2FF970A51C93D27500EB7A77 /* sanbu@2x.png */ = {isa = PBXFileReference; lastKnownFileType = image.png; name = "sanbu@2x.png"; path = "Resources/sanbu@2x.png"; sourceTree = SOURCE_ROOT; };
		2FF970A61C93D27500EB7A77 /* shilian@2x.png */ = {isa = PBXFileReference; lastKnownFileType = image.png; name = "shilian@2x.png"; path = "Resources/shilian@2x.png"; sourceTree = SOURCE_ROOT; };
		2FF970A71C93D27500EB7A77 /* shimian@2x.png */ = {isa = PBXFileReference; lastKnownFileType = image.png; name = "shimian@2x.png"; path = "Resources/shimian@2x.png"; sourceTree = SOURCE_ROOT; };
		2FF970A81C93D27500EB7A77 /* shuiqian@2x.png */ = {isa = PBXFileReference; lastKnownFileType = image.png; name = "shuiqian@2x.png"; path = "Resources/shuiqian@2x.png"; sourceTree = SOURCE_ROOT; };
		2FF970A91C93D27500EB7A77 /* suibian@2x.png */ = {isa = PBXFileReference; lastKnownFileType = image.png; name = "suibian@2x.png"; path = "Resources/suibian@2x.png"; sourceTree = SOURCE_ROOT; };
		2FF970AA1C93D27500EB7A77 /* wuliao@2x.png */ = {isa = PBXFileReference; lastKnownFileType = image.png; name = "wuliao@2x.png"; path = "Resources/wuliao@2x.png"; sourceTree = SOURCE_ROOT; };
		2FF970AB1C93D27500EB7A77 /* wunai@2x.png */ = {isa = PBXFileReference; lastKnownFileType = image.png; name = "wunai@2x.png"; path = "Resources/wunai@2x.png"; sourceTree = SOURCE_ROOT; };
		2FF970AC1C93D27500EB7A77 /* yiqiliao@2x.png */ = {isa = PBXFileReference; lastKnownFileType = image.png; name = "yiqiliao@2x.png"; path = "Resources/yiqiliao@2x.png"; sourceTree = SOURCE_ROOT; };
		2FF970AD1C93D27500EB7A77 /* zuoche@2x.png */ = {isa = PBXFileReference; lastKnownFileType = image.png; name = "zuoche@2x.png"; path = "Resources/zuoche@2x.png"; sourceTree = SOURCE_ROOT; };
		2FF970C11C93E1F100EB7A77 /* find_search_icon@2x.png */ = {isa = PBXFileReference; lastKnownFileType = image.png; name = "find_search_icon@2x.png"; path = "Resources/find_search_icon@2x.png"; sourceTree = SOURCE_ROOT; };
		2FF970C21C93E1F100EB7A77 /* search_input@2x.png */ = {isa = PBXFileReference; lastKnownFileType = image.png; name = "search_input@2x.png"; path = "Resources/search_input@2x.png"; sourceTree = SOURCE_ROOT; };
		621CE8629E77589F0EE35ECA /* libPods.a */ = {isa = PBXFileReference; explicitFileType = archive.ar; includeInIndex = 0; path = libPods.a; sourceTree = BUILT_PRODUCTS_DIR; };
		7305B22C545EDA01AA665B1F /* Pods.release.xcconfig */ = {isa = PBXFileReference; includeInIndex = 1; lastKnownFileType = text.xcconfig; name = Pods.release.xcconfig; path = "Pods/Target Support Files/Pods/Pods.release.xcconfig"; sourceTree = "<group>"; };
		8ED539642E090F9D5816D404 /* Pods.debug.xcconfig */ = {isa = PBXFileReference; includeInIndex = 1; lastKnownFileType = text.xcconfig; name = Pods.debug.xcconfig; path = "Pods/Target Support Files/Pods/Pods.debug.xcconfig"; sourceTree = "<group>"; };
/* End PBXFileReference section */

/* Begin PBXFrameworksBuildPhase section */
		2F3337851C803E9800927CF8 /* Frameworks */ = {
			isa = PBXFrameworksBuildPhase;
			buildActionMask = 2147483647;
			files = (
				816A1437E5693B1069606996 /* libPods.a in Frameworks */,
			);
			runOnlyForDeploymentPostprocessing = 0;
		};
/* End PBXFrameworksBuildPhase section */

/* Begin PBXGroup section */
		1951AB34A0A715676C069AF8 /* Frameworks */ = {
			isa = PBXGroup;
			children = (
				621CE8629E77589F0EE35ECA /* libPods.a */,
			);
			name = Frameworks;
			sourceTree = "<group>";
		};
		2F14F9EA1C9589DA0066D030 /* Home */ = {
			isa = PBXGroup;
			children = (
				2F14F9EB1C9589F30066D030 /* MRSHomeViewController.h */,
				2F14F9EC1C9589F30066D030 /* MRSHomeViewController.m */,
			);
			name = Home;
			sourceTree = "<group>";
		};
		2F14F9EE1C958A280066D030 /* Search */ = {
			isa = PBXGroup;
			children = (
				2F14F9EF1C958A460066D030 /* MRSSearchViewController.h */,
				2F14F9F01C958A460066D030 /* MRSSearchViewController.m */,
				2F14F9F11C958A460066D030 /* MRSTextField.h */,
				2F14F9F21C958A460066D030 /* MRSTextField.m */,
			);
			name = Search;
			sourceTree = "<group>";
		};
		2F320E061C819371008DC121 /* play */ = {
			isa = PBXGroup;
			children = (
				2FD55C161CB0C95A0055CD4E /* MRSRadioDao.h */,
				2FD55C141CB0C8BC0055CD4E /* MRSRadioDao.m */,
				2FCC59981C872704008B2621 /* RadioPlayerViewController.h */,
				2FB9EC5C1C8ABF2A00356374 /* RadioPlayerViewController.m */,
				2FB86DBA1C8EA2A200B89E76 /* MRSSpeakerDescView.h */,
				2FB86DBB1C8EA2A200B89E76 /* MRSSpeakerDescView.m */,
				2FB86DB71C8EA0F000B89E76 /* MRSCircleImageView.h */,
				2FB86DB81C8EA0F000B89E76 /* MRSCircleImageView.m */,
				2F320E071C81942E008DC121 /* RadioInfo.h */,
				2F320E081C81942E008DC121 /* RadioInfo.m */,
				2FCB2A261C8C47EE00851689 /* MRSSpeakerInfo.h */,
				2FCB2A271C8C47EE00851689 /* MRSSpeakerInfo.m */,
				2FCC59941C872704008B2621 /* PlayerBackgroundView.h */,
				2FCC59951C872704008B2621 /* PlayerBackgroundView.m */,
				2FCC59961C872704008B2621 /* RadioInfoModel.h */,
				2FCC59971C872704008B2621 /* RadioInfoModel.m */,
				2FCC599A1C872704008B2621 /* RadioViewModel.h */,
				2FCC599B1C872704008B2621 /* RadioViewModel.m */,
				2FE3A1711CAF8A3A00DE3191 /* MRSDownloadHelper.h */,
				2FE3A1721CAF8A3A00DE3191 /* MRSDownloadHelper.m */,
			);
			name = play;
			sourceTree = "<group>";
		};
		2F33377F1C803E9800927CF8 = {
			isa = PBXGroup;
			children = (
				2F33378A1C803E9800927CF8 /* MoodRadioStation */,
				2F3337891C803E9800927CF8 /* Products */,
				770C8EBE75CA0D3AD92A9528 /* Pods */,
				1951AB34A0A715676C069AF8 /* Frameworks */,
			);
			sourceTree = "<group>";
		};
		2F3337891C803E9800927CF8 /* Products */ = {
			isa = PBXGroup;
			children = (
				2F3337881C803E9800927CF8 /* MoodRadioStation.app */,
			);
			name = Products;
			sourceTree = "<group>";
		};
		2F33378A1C803E9800927CF8 /* MoodRadioStation */ = {
			isa = PBXGroup;
			children = (
				2FE271891CABAE660073E62E /* CacheManager */,
				2F6CABEC1C97E74900DD4984 /* Setting */,
				2FBB52D41C968CC000EA59F6 /* Index */,
				2F14F9EA1C9589DA0066D030 /* Home */,
				2F59654A1C844F91007289A8 /* UIKitMacros.h */,
				2FB9EC4F1C8AA55E00356374 /* NSArrayAdditions.h */,
				2FB9EC501C8AA55E00356374 /* NSArrayAdditions.m */,
				2F89F5AC1C918FE80062A870 /* Find */,
				2FBF8C181C90121700FE7C31 /* AD */,
				2FCC59A01C872723008B2621 /* MRSUIFoundation */,
				2FE0DDE41C895FC300A705C3 /* List */,
				2F524F271C85326B00DB6DD2 /* Resources */,
				2F320E061C819371008DC121 /* play */,
				2F33378E1C803E9800927CF8 /* AppDelegate.h */,
				2F33378F1C803E9800927CF8 /* AppDelegate.m */,
				2F3337911C803E9800927CF8 /* ViewController.h */,
				2F3337921C803E9800927CF8 /* ViewController.m */,
				2F3337941C803E9800927CF8 /* Main.storyboard */,
				2F3337991C803E9800927CF8 /* LaunchScreen.storyboard */,
				2F33379C1C803E9800927CF8 /* Info.plist */,
				2FE3A1741CAF9E3300DE3191 /* test.plist */,
				2F9C5F9A1CA80FF5001DA2E0 /* Images.xcassets */,
				2F33378B1C803E9800927CF8 /* Supporting Files */,
			);
			path = MoodRadioStation;
			sourceTree = "<group>";
		};
		2F33378B1C803E9800927CF8 /* Supporting Files */ = {
			isa = PBXGroup;
			children = (
				2F33378C1C803E9800927CF8 /* main.m */,
			);
			name = "Supporting Files";
			sourceTree = "<group>";
		};
		2F524F271C85326B00DB6DD2 /* Resources */ = {
			isa = PBXGroup;
			children = (
				2FE3A1811CAFE37800DE3191 /* myDownload_detail_icon.png */,
				2FE3A1761CAFB05700DE3191 /* detail.png */,
				2FE75CC81CAE6B7500DDA040 /* my_download@2x.png */,
				2FE75CC31CAE551C00DDA040 /* image_clean_icon.png */,
				2F9C5F8D1CA7D820001DA2E0 /* w1.png */,
				2F9C5F8E1CA7D820001DA2E0 /* w2.png */,
				2F9C5F8F1CA7D820001DA2E0 /* w3.png */,
				2F9C5F901CA7D820001DA2E0 /* w4.png */,
				2F9C5F911CA7D820001DA2E0 /* w5.png */,
				2F9C5F921CA7D820001DA2E0 /* w6.png */,
				2F6CABE21C97E6AC00DD4984 /* dingshi.png */,
				2F6CABE31C97E6AC00DD4984 /* dingshibg.png */,
				2F6CABE41C97E6AC00DD4984 /* dingshiseek.png */,
				2F6CABE51C97E6AC00DD4984 /* off.png */,
				2F6CABE61C97E6AC00DD4984 /* on.png */,
				2FBB52F61C96D57D00EA59F6 /* index_item_more@2x.png */,
				2F14FA011C958F950066D030 /* index_first_meng@2x.png */,
				2F14F9F51C958E9C0066D030 /* nav_find_act@2x.png */,
				2F14F9F61C958E9C0066D030 /* nav_find@2x.png */,
				2F14F9F71C958E9C0066D030 /* nav_index_act@2x.png */,
				2F14F9F81C958E9C0066D030 /* nav_index@2x.png */,
				2F14F9F91C958E9C0066D030 /* nav_setting_act@2x.png */,
				2F14F9FA1C958E9C0066D030 /* nav_setting@2x.png */,
				2FF970C11C93E1F100EB7A77 /* find_search_icon@2x.png */,
				2FF970C21C93E1F100EB7A77 /* search_input@2x.png */,
				2FF9709B1C93D27500EB7A77 /* beishang@2x.png */,
				2FF9709C1C93D27500EB7A77 /* duchu@2x.png */,
				2FF9709D1C93D27500EB7A77 /* fanzao@2x.png */,
				2FF9709E1C93D27500EB7A77 /* gandong@2x.png */,
				2FF9709F1C93D27500EB7A77 /* gudu@2x.png */,
				2FF970A01C93D27500EB7A77 /* index_fm_bg@2x.png */,
				2FF970A11C93D27500EB7A77 /* jianya@2x.png */,
				2FF970A21C93D27500EB7A77 /* kuaile@2x.png */,
				2FF970A31C93D27500EB7A77 /* lvxing@2x.png */,
				2FF970A41C93D27500EB7A77 /* mimang@2x.png */,
				2FF970A51C93D27500EB7A77 /* sanbu@2x.png */,
				2FF970A61C93D27500EB7A77 /* shilian@2x.png */,
				2FF970A71C93D27500EB7A77 /* shimian@2x.png */,
				2FF970A81C93D27500EB7A77 /* shuiqian@2x.png */,
				2FF970A91C93D27500EB7A77 /* suibian@2x.png */,
				2FF970AA1C93D27500EB7A77 /* wuliao@2x.png */,
				2FF970AB1C93D27500EB7A77 /* wunai@2x.png */,
				2FF970AC1C93D27500EB7A77 /* yiqiliao@2x.png */,
				2FF970AD1C93D27500EB7A77 /* zuoche@2x.png */,
				2FBF8C251C90305E00FE7C31 /* AD_default@2x.png */,
				2FB86DBD1C8EAB4400B89E76 /* default_circle_avatar@2x.png */,
				2FB86DB51C8E912200B89E76 /* no_content_image@2x.png */,
				2FB86DA31C8E845900B89E76 /* next@2x.png */,
				2FB86DA41C8E845900B89E76 /* pre@2x.png */,
				2FB86DA61C8E845900B89E76 /* y1.png */,
				2FB86DA71C8E845900B89E76 /* y2.png */,
				2FB86DA81C8E845900B89E76 /* y3.png */,
				2FB86DA91C8E845900B89E76 /* y4.png */,
				2FB86DAA1C8E845900B89E76 /* y5.png */,
				2FB86DAB1C8E845900B89E76 /* y6.png */,
				2FD18C761C8D6CC8002836A4 /* white_back@2x.png */,
				2FD18C781C8DB5A8002836A4 /* back@2x.png */,
				2FE0DDE81C8963E300A705C3 /* pull_arrow@2x.png */,
				2F524F2E1C85D7FB00DB6DD2 /* pause@2x.png */,
				2F524F2C1C85719400DB6DD2 /* play@2x.png */,
				2FCC598E1C86DEE5008B2621 /* progress_btn@2x.png */,
				2FB9EC581C8AB46000356374 /* default_cover@2x.png */,
				2FB9EC5A1C8AB46700356374 /* list_default@2x.png */,
			);
			name = Resources;
			sourceTree = "<group>";
		};
		2F6CABEC1C97E74900DD4984 /* Setting */ = {
			isa = PBXGroup;
			children = (
				2F6CABF01C97E7DB00DD4984 /* Dingshi */,
				2F6CABED1C97E7B400DD4984 /* MRSSettingViewController.h */,
				2F6CABEE1C97E7B400DD4984 /* MRSSettingViewController.m */,
				2FE3A1781CAFB2A700DE3191 /* MRSMyDownLoadTableViewController.h */,
				2FE3A1791CAFB2A700DE3191 /* MRSMyDownLoadTableViewController.m */,
				2FE3A17B1CAFB47D00DE3191 /* MRSMyDownloadViewModel.h */,
				2FE3A17C1CAFB47D00DE3191 /* MRSMyDownloadViewModel.m */,
				2FE3A17E1CAFE01700DE3191 /* MyDownloadItem.h */,
				2FE3A17F1CAFE01700DE3191 /* MyDownloadItem.m */,
			);
			name = Setting;
			sourceTree = "<group>";
		};
		2F6CABF01C97E7DB00DD4984 /* Dingshi */ = {
			isa = PBXGroup;
			children = (
				2F6CABF11C97E85700DD4984 /* MRSDingshiManager.h */,
				2F6CABF21C97E85700DD4984 /* MRSDingshiManager.m */,
				2F6CABF41C97F9AD00DD4984 /* MRSDingshiView.h */,
				2F6CABF51C97F9AD00DD4984 /* MRSDingshiView.m */,
				2F6CABF71C97FE8A00DD4984 /* MRSTimerView.h */,
				2F6CABF81C97FE8A00DD4984 /* MRSTimerView.m */,
			);
			name = Dingshi;
			sourceTree = "<group>";
		};
		2F89F5AC1C918FE80062A870 /* Find */ = {
			isa = PBXGroup;
			children = (
				2F14F9EE1C958A280066D030 /* Search */,
				2F89F5AD1C9190110062A870 /* MRSFindViewController.h */,
				2F89F5AE1C9190110062A870 /* MRSFindViewController.m */,
				2FF970981C93B5F300EB7A77 /* MRSCategoryView.h */,
				2FF970991C93B5F300EB7A77 /* MRSCategoryView.m */,
			);
			name = Find;
			sourceTree = "<group>";
		};
		2FBB52D41C968CC000EA59F6 /* Index */ = {
			isa = PBXGroup;
			children = (
				2FBB52D51C968CD200EA59F6 /* MRSIndexCategory.h */,
				2FBB52D61C968CD200EA59F6 /* MRSIndexCategory.m */,
				2FBB52D71C968CD200EA59F6 /* MRSIndexCategoryViewProductor.h */,
				2FBB52D81C968CD200EA59F6 /* MRSIndexCategoryViewProductor.m */,
				2FBB52D91C968CD200EA59F6 /* MRSIndexInfo.h */,
				2FBB52DA1C968CD200EA59F6 /* MRSIndexInfo.m */,
				2FBB52DB1C968CD200EA59F6 /* MRSIndexModel.h */,
				2FBB52DC1C968CD200EA59F6 /* MRSIndexModel.m */,
				2FBB52DD1C968CD200EA59F6 /* MRSIndexViewController.h */,
				2FBB52DE1C968CD200EA59F6 /* MRSIndexViewController.m */,
				2FBB52DF1C968CD200EA59F6 /* MRSIndexViewModel.h */,
				2FBB52E01C968CD200EA59F6 /* MRSIndexViewModel.m */,
				2FBB52E71C96A02300EA59F6 /* MRSJieMuListModel.h */,
				2FBB52E81C96A02300EA59F6 /* MRSJieMuListModel.m */,
				2FBB52EA1C96A1AD00EA59F6 /* MRSJieMuListViewModel.h */,
				2FBB52EB1C96A1AD00EA59F6 /* MRSJieMuListViewModel.m */,
				2FBB52ED1C96A32C00EA59F6 /* MRSJieMuListViewController.h */,
				2FBB52EE1C96A32C00EA59F6 /* MRSJieMuListViewController.m */,
				2FBB52F01C96AF0100EA59F6 /* MRSHotFmViewProductor.h */,
				2FBB52F11C96AF0100EA59F6 /* MRSHotFmViewProductor.m */,
				2FBB52F31C96D14A00EA59F6 /* MRSCellViewProductor.h */,
				2FBB52F41C96D14A00EA59F6 /* MRSCellViewProductor.m */,
			);
			name = Index;
			sourceTree = "<group>";
		};
		2FBF8C181C90121700FE7C31 /* AD */ = {
			isa = PBXGroup;
			children = (
				2F6CABD61C97E65500DD4984 /* MRSHotTagADViewController.h */,
				2F6CABD71C97E65500DD4984 /* MRSHotTagADViewController.m */,
				2F6CABD81C97E65500DD4984 /* MRSHotTagInfo.h */,
				2F6CABD91C97E65500DD4984 /* MRSHotTagInfo.m */,
				2F6CABDA1C97E65500DD4984 /* MRSHotTagModel.h */,
				2F6CABDB1C97E65500DD4984 /* MRSHotTagModel.m */,
				2F6CABDC1C97E65500DD4984 /* MRSHotTagViewModel.h */,
				2F6CABDD1C97E65500DD4984 /* MRSHotTagViewModel.m */,
			);
			name = AD;
			sourceTree = "<group>";
		};
		2FCC59A01C872723008B2621 /* MRSUIFoundation */ = {
			isa = PBXGroup;
			children = (
				2F14F9E41C9589BA0066D030 /* MRSADScrollView.h */,
				2F14F9E51C9589BA0066D030 /* MRSADScrollView.m */,
				2F14F9E61C9589BA0066D030 /* MRSModel.h */,
				2F14F9E71C9589BA0066D030 /* MRSModel.m */,
				2FB86D9E1C8E802D00B89E76 /* MRSNoContentView.h */,
				2FB86D9F1C8E802D00B89E76 /* MRSNoContentView.m */,
				2FCC59A11C87273C008B2621 /* MRSImageAnimationLoadingView.h */,
				2FCC59A21C87273C008B2621 /* MRSImageAnimationLoadingView.m */,
				2FCC59A31C87273C008B2621 /* MRSImageView.h */,
				2FCC59A41C87273C008B2621 /* MRSImageView.m */,
				2FCB2A231C8BCDEB00851689 /* MRSFetchResultSectionInfo.h */,
				2FCB2A241C8BCDEB00851689 /* MRSFetchResultSectionInfo.m */,
				2FCB2A201C8BC98000851689 /* MRSFetchResultController.h */,
				2FCB2A211C8BC98000851689 /* MRSFetchResultController.m */,
				2FB86DC21C8F055400B89E76 /* MRSPlayerImageAnimationLoadingView.h */,
				2FB86DC31C8F055400B89E76 /* MRSPlayerImageAnimationLoadingView.m */,
				2FB9EC551C8AB0C200356374 /* MRSURLImageView.h */,
				2FB9EC561C8AB0C200356374 /* MRSURLImageView.m */,
				2FBF8C151C9002F800FE7C31 /* MRSADViewController.h */,
				2FBF8C161C9002F800FE7C31 /* MRSADViewController.m */,
			);
			name = MRSUIFoundation;
			sourceTree = "<group>";
		};
		2FE0DDE41C895FC300A705C3 /* List */ = {
			isa = PBXGroup;
			children = (
				2FB9EC491C8A773E00356374 /* FMListViewModel.h */,
				2FB9EC4A1C8A773E00356374 /* FMListViewModel.m */,
				2FE0DDF91C89D5C300A705C3 /* FMInfo.h */,
				2FE0DDFA1C89D5C300A705C3 /* FMInfo.m */,
				2FE0DDFB1C89D5C300A705C3 /* FMListModel.h */,
				2FE0DDFC1C89D5C300A705C3 /* FMListModel.m */,
				2FE0DDFD1C89D5C300A705C3 /* TagListViewController.h */,
				2FE0DDFE1C89D5C300A705C3 /* TagListViewController.m */,
				2FE0DDFF1C89D5C300A705C3 /* MRSLoadingMoreCell.h */,
				2FE0DE001C89D5C300A705C3 /* MRSLoadingMoreCell.m */,
				2FE0DE011C89D5C300A705C3 /* MRSRefreshHeader.h */,
				2FE0DE021C89D5C300A705C3 /* MRSRefreshHeader.m */,
				2FE0DDEA1C89875000A705C3 /* MRSListViewController.h */,
				2FE0DDEB1C89875000A705C3 /* MRSListViewController.m */,
				2FB9EC521C8AADDF00356374 /* TagListCellItem.h */,
				2FB9EC531C8AADDF00356374 /* TagListCellItem.m */,
			);
			name = List;
			sourceTree = "<group>";
		};
		2FE271891CABAE660073E62E /* CacheManager */ = {
			isa = PBXGroup;
			children = (
				2FE271901CABBCA40073E62E /* MRSCacheManagerProtocol.h */,
				2FE2718A1CABAEA30073E62E /* MRSCacheEntity.h */,
				2FE2718B1CABAEA30073E62E /* MRSCacheEntity.m */,
				2FE2718D1CABAFCE0073E62E /* MRSMemoryCacheManager.h */,
				2FE2718E1CABAFCE0073E62E /* MRSMemoryCacheManager.m */,
				2FE271931CABCB740073E62E /* MRSPersistentCacheManager.h */,
				2FE271941CABCB740073E62E /* MRSPersistentCacheManager.m */,
				2FE271961CABECEE0073E62E /* MRSURLCacheManager.h */,
				2FE271971CABECEE0073E62E /* MRSURLCacheManager.m */,
				2F2FA8001CACE4A500540441 /* MRSCacheManager.h */,
				2F2FA8011CACE4A500540441 /* MRSCacheManager.m */,
				2F2FA8031CACF8E300540441 /* MRSObjectCacheManager.h */,
				2F2FA8041CACF8E300540441 /* MRSObjectCacheManager.m */,
			);
			name = CacheManager;
			sourceTree = "<group>";
		};
		770C8EBE75CA0D3AD92A9528 /* Pods */ = {
			isa = PBXGroup;
			children = (
				8ED539642E090F9D5816D404 /* Pods.debug.xcconfig */,
				7305B22C545EDA01AA665B1F /* Pods.release.xcconfig */,
			);
			name = Pods;
			sourceTree = "<group>";
		};
/* End PBXGroup section */

/* Begin PBXNativeTarget section */
		2F3337871C803E9800927CF8 /* MoodRadioStation */ = {
			isa = PBXNativeTarget;
			buildConfigurationList = 2F33379F1C803E9800927CF8 /* Build configuration list for PBXNativeTarget "MoodRadioStation" */;
			buildPhases = (
				D4E35345F814FFF1A9C81E84 /* Check Pods Manifest.lock */,
				2F3337841C803E9800927CF8 /* Sources */,
				2F3337851C803E9800927CF8 /* Frameworks */,
				2F3337861C803E9800927CF8 /* Resources */,
				BB40F429B9AE695F18EB828E /* Embed Pods Frameworks */,
				BFCEB0F2D856732C270EE4BC /* Copy Pods Resources */,
			);
			buildRules = (
			);
			dependencies = (
			);
			name = MoodRadioStation;
			productName = MoodRadioStation;
			productReference = 2F3337881C803E9800927CF8 /* MoodRadioStation.app */;
			productType = "com.apple.product-type.application";
		};
/* End PBXNativeTarget section */

/* Begin PBXProject section */
		2F3337801C803E9800927CF8 /* Project object */ = {
			isa = PBXProject;
			attributes = {
				LastUpgradeCheck = 0720;
				ORGANIZATIONNAME = Minor;
				TargetAttributes = {
					2F3337871C803E9800927CF8 = {
						CreatedOnToolsVersion = 7.2;
						DevelopmentTeam = ME6Q34F2NE;
					};
				};
			};
			buildConfigurationList = 2F3337831C803E9800927CF8 /* Build configuration list for PBXProject "MoodRadioStation" */;
			compatibilityVersion = "Xcode 3.2";
			developmentRegion = English;
			hasScannedForEncodings = 0;
			knownRegions = (
				en,
				Base,
			);
			mainGroup = 2F33377F1C803E9800927CF8;
			productRefGroup = 2F3337891C803E9800927CF8 /* Products */;
			projectDirPath = "";
			projectRoot = "";
			targets = (
				2F3337871C803E9800927CF8 /* MoodRadioStation */,
			);
		};
/* End PBXProject section */

/* Begin PBXResourcesBuildPhase section */
		2F3337861C803E9800927CF8 /* Resources */ = {
			isa = PBXResourcesBuildPhase;
			buildActionMask = 2147483647;
			files = (
				2FB86DB01C8E845900B89E76 /* y2.png in Resources */,
				2F6CABEA1C97E6AC00DD4984 /* off.png in Resources */,
				2FD18C791C8DB5A8002836A4 /* back@2x.png in Resources */,
				2FBF8C261C90305E00FE7C31 /* AD_default@2x.png in Resources */,
				2FF970B71C93D27500EB7A77 /* mimang@2x.png in Resources */,
				2F6CABE91C97E6AC00DD4984 /* dingshiseek.png in Resources */,
				2FF970BE1C93D27500EB7A77 /* wunai@2x.png in Resources */,
				2FB86DB41C8E845900B89E76 /* y6.png in Resources */,
				2FCC598F1C86DEE5008B2621 /* progress_btn@2x.png in Resources */,
				2F9C5F9B1CA80FF5001DA2E0 /* Images.xcassets in Resources */,
				2F9C5F941CA7D820001DA2E0 /* w1.png in Resources */,
				2F9C5F971CA7D820001DA2E0 /* w4.png in Resources */,
				2FE75CC91CAE6B7500DDA040 /* my_download@2x.png in Resources */,
				2FF970BB1C93D27500EB7A77 /* shuiqian@2x.png in Resources */,
				2F14F9FB1C958E9C0066D030 /* nav_find_act@2x.png in Resources */,
				2F524F2D1C85719400DB6DD2 /* play@2x.png in Resources */,
				2FF970C41C93E1F100EB7A77 /* search_input@2x.png in Resources */,
				2FB86DBE1C8EAB4400B89E76 /* default_circle_avatar@2x.png in Resources */,
				2F9C5F961CA7D820001DA2E0 /* w3.png in Resources */,
				2FF970C31C93E1F100EB7A77 /* find_search_icon@2x.png in Resources */,
				2F9C5F991CA7D820001DA2E0 /* w6.png in Resources */,
				2FF970B11C93D27500EB7A77 /* gandong@2x.png in Resources */,
				2FF970AE1C93D27500EB7A77 /* beishang@2x.png in Resources */,
				2FB86DAF1C8E845900B89E76 /* y1.png in Resources */,
				2FB9EC5B1C8AB46700356374 /* list_default@2x.png in Resources */,
				2FF970B51C93D27500EB7A77 /* kuaile@2x.png in Resources */,
				2FE3A1771CAFB05700DE3191 /* detail.png in Resources */,
				2FF970AF1C93D27500EB7A77 /* duchu@2x.png in Resources */,
				2FF970B41C93D27500EB7A77 /* jianya@2x.png in Resources */,
				2F14F9FE1C958E9C0066D030 /* nav_index@2x.png in Resources */,
				2FF970C01C93D27500EB7A77 /* zuoche@2x.png in Resources */,
				2F33379B1C803E9800927CF8 /* LaunchScreen.storyboard in Resources */,
				2FF970BC1C93D27500EB7A77 /* suibian@2x.png in Resources */,
				2F9C5F981CA7D820001DA2E0 /* w5.png in Resources */,
				2FF970B31C93D27500EB7A77 /* index_fm_bg@2x.png in Resources */,
				2FB86DB61C8E912200B89E76 /* no_content_image@2x.png in Resources */,
				2FF970B81C93D27500EB7A77 /* sanbu@2x.png in Resources */,
				2FD18C771C8D6CC8002836A4 /* white_back@2x.png in Resources */,
				2F6CABE71C97E6AC00DD4984 /* dingshi.png in Resources */,
				2FE3A1751CAF9E3300DE3191 /* test.plist in Resources */,
				2FF970B61C93D27500EB7A77 /* lvxing@2x.png in Resources */,
				2FF970BA1C93D27500EB7A77 /* shimian@2x.png in Resources */,
				2FB86DAD1C8E845900B89E76 /* pre@2x.png in Resources */,
				2F524F2F1C85D7FB00DB6DD2 /* pause@2x.png in Resources */,
				2FB86DB11C8E845900B89E76 /* y3.png in Resources */,
				2FB9EC591C8AB46000356374 /* default_cover@2x.png in Resources */,
				2FF970B01C93D27500EB7A77 /* fanzao@2x.png in Resources */,
				2FF970BD1C93D27500EB7A77 /* wuliao@2x.png in Resources */,
				2F6CABE81C97E6AC00DD4984 /* dingshibg.png in Resources */,
				2FF970B91C93D27500EB7A77 /* shilian@2x.png in Resources */,
				2FB86DAC1C8E845900B89E76 /* next@2x.png in Resources */,
				2F14FA021C958F950066D030 /* index_first_meng@2x.png in Resources */,
				2FB86DB31C8E845900B89E76 /* y5.png in Resources */,
				2F14F9FC1C958E9C0066D030 /* nav_find@2x.png in Resources */,
				2FE0DDE91C8963E300A705C3 /* pull_arrow@2x.png in Resources */,
				2FE3A1821CAFE37800DE3191 /* myDownload_detail_icon.png in Resources */,
				2F9C5F951CA7D820001DA2E0 /* w2.png in Resources */,
				2F3337961C803E9800927CF8 /* Main.storyboard in Resources */,
				2F14F9FD1C958E9C0066D030 /* nav_index_act@2x.png in Resources */,
				2FE75CC41CAE551C00DDA040 /* image_clean_icon.png in Resources */,
				2F14FA001C958E9C0066D030 /* nav_setting@2x.png in Resources */,
				2F14F9FF1C958E9C0066D030 /* nav_setting_act@2x.png in Resources */,
				2FBB52F71C96D57D00EA59F6 /* index_item_more@2x.png in Resources */,
				2FF970BF1C93D27500EB7A77 /* yiqiliao@2x.png in Resources */,
				2FF970B21C93D27500EB7A77 /* gudu@2x.png in Resources */,
				2F6CABEB1C97E6AC00DD4984 /* on.png in Resources */,
				2FB86DB21C8E845900B89E76 /* y4.png in Resources */,
			);
			runOnlyForDeploymentPostprocessing = 0;
		};
/* End PBXResourcesBuildPhase section */

/* Begin PBXShellScriptBuildPhase section */
		BB40F429B9AE695F18EB828E /* Embed Pods Frameworks */ = {
			isa = PBXShellScriptBuildPhase;
			buildActionMask = 2147483647;
			files = (
			);
			inputPaths = (
			);
			name = "Embed Pods Frameworks";
			outputPaths = (
			);
			runOnlyForDeploymentPostprocessing = 0;
			shellPath = /bin/sh;
			shellScript = "\"${SRCROOT}/Pods/Target Support Files/Pods/Pods-frameworks.sh\"\n";
			showEnvVarsInLog = 0;
		};
		BFCEB0F2D856732C270EE4BC /* Copy Pods Resources */ = {
			isa = PBXShellScriptBuildPhase;
			buildActionMask = 2147483647;
			files = (
			);
			inputPaths = (
			);
			name = "Copy Pods Resources";
			outputPaths = (
			);
			runOnlyForDeploymentPostprocessing = 0;
			shellPath = /bin/sh;
			shellScript = "\"${SRCROOT}/Pods/Target Support Files/Pods/Pods-resources.sh\"\n";
			showEnvVarsInLog = 0;
		};
		D4E35345F814FFF1A9C81E84 /* Check Pods Manifest.lock */ = {
			isa = PBXShellScriptBuildPhase;
			buildActionMask = 2147483647;
			files = (
			);
			inputPaths = (
			);
			name = "Check Pods Manifest.lock";
			outputPaths = (
			);
			runOnlyForDeploymentPostprocessing = 0;
			shellPath = /bin/sh;
			shellScript = "diff \"${PODS_ROOT}/../Podfile.lock\" \"${PODS_ROOT}/Manifest.lock\" > /dev/null\nif [[ $? != 0 ]] ; then\n    cat << EOM\nerror: The sandbox is not in sync with the Podfile.lock. Run 'pod install' or update your CocoaPods installation.\nEOM\n    exit 1\nfi\n";
			showEnvVarsInLog = 0;
		};
/* End PBXShellScriptBuildPhase section */

/* Begin PBXSourcesBuildPhase section */
		2F3337841C803E9800927CF8 /* Sources */ = {
			isa = PBXSourcesBuildPhase;
			buildActionMask = 2147483647;
			files = (
				2FB9EC5D1C8ABF2A00356374 /* RadioPlayerViewController.m in Sources */,
				2FCC59A51C87273C008B2621 /* MRSImageAnimationLoadingView.m in Sources */,
				2F6CABEF1C97E7B400DD4984 /* MRSSettingViewController.m in Sources */,
				2F3337931C803E9800927CF8 /* ViewController.m in Sources */,
				2FBF8C171C9002F800FE7C31 /* MRSADViewController.m in Sources */,
				2F14F9F31C958A460066D030 /* MRSSearchViewController.m in Sources */,
				2FE3A17A1CAFB2A700DE3191 /* MRSMyDownLoadTableViewController.m in Sources */,
				2FBB52F51C96D14A00EA59F6 /* MRSCellViewProductor.m in Sources */,
				2F320E091C81942E008DC121 /* RadioInfo.m in Sources */,
				2F6CABF61C97F9AD00DD4984 /* MRSDingshiView.m in Sources */,
				2FCB2A281C8C47EE00851689 /* MRSSpeakerInfo.m in Sources */,
				2F2FA8051CACF8E300540441 /* MRSObjectCacheManager.m in Sources */,
				2FE2718C1CABAEA30073E62E /* MRSCacheEntity.m in Sources */,
				2F3337901C803E9800927CF8 /* AppDelegate.m in Sources */,
				2FE0DE031C89D5C300A705C3 /* FMInfo.m in Sources */,
				2FCC59A61C87273C008B2621 /* MRSImageView.m in Sources */,
				2FB9EC511C8AA55E00356374 /* NSArrayAdditions.m in Sources */,
				2FB9EC541C8AADDF00356374 /* TagListCellItem.m in Sources */,
				2FB86DC41C8F055400B89E76 /* MRSPlayerImageAnimationLoadingView.m in Sources */,
				2FE3A1801CAFE01700DE3191 /* MyDownloadItem.m in Sources */,
				2FBB52EF1C96A32C00EA59F6 /* MRSJieMuListViewController.m in Sources */,
				2F6CABDF1C97E65500DD4984 /* MRSHotTagInfo.m in Sources */,
				2FE0DDEC1C89875000A705C3 /* MRSListViewController.m in Sources */,
				2FBB52F21C96AF0100EA59F6 /* MRSHotFmViewProductor.m in Sources */,
				2FB9EC4B1C8A773E00356374 /* FMListViewModel.m in Sources */,
				2FBB52E61C968CD200EA59F6 /* MRSIndexViewModel.m in Sources */,
				2FBB52EC1C96A1AD00EA59F6 /* MRSJieMuListViewModel.m in Sources */,
				2FB9EC571C8AB0C200356374 /* MRSURLImageView.m in Sources */,
				2FE271981CABECEE0073E62E /* MRSURLCacheManager.m in Sources */,
				2FBB52E31C968CD200EA59F6 /* MRSIndexInfo.m in Sources */,
				2F89F5AF1C9190110062A870 /* MRSFindViewController.m in Sources */,
				2F6CABF31C97E85700DD4984 /* MRSDingshiManager.m in Sources */,
				2FE2718F1CABAFCE0073E62E /* MRSMemoryCacheManager.m in Sources */,
				2FCC599C1C872704008B2621 /* PlayerBackgroundView.m in Sources */,
				2FE0DE061C89D5C300A705C3 /* MRSLoadingMoreCell.m in Sources */,
				2FE0DE051C89D5C300A705C3 /* TagListViewController.m in Sources */,
				2FE0DE041C89D5C300A705C3 /* FMListModel.m in Sources */,
				2F14F9E81C9589BA0066D030 /* MRSADScrollView.m in Sources */,
				2FE3A1731CAF8A3A00DE3191 /* MRSDownloadHelper.m in Sources */,
				2FD55C151CB0C8BC0055CD4E /* MRSRadioDao.m in Sources */,
				2F14F9F41C958A460066D030 /* MRSTextField.m in Sources */,
				2FBB52E51C968CD200EA59F6 /* MRSIndexViewController.m in Sources */,
				2F6CABE01C97E65500DD4984 /* MRSHotTagModel.m in Sources */,
				2F14F9ED1C9589F30066D030 /* MRSHomeViewController.m in Sources */,
				2FBB52E91C96A02300EA59F6 /* MRSJieMuListModel.m in Sources */,
				2F2FA8021CACE4A500540441 /* MRSCacheManager.m in Sources */,
				2F6CABE11C97E65500DD4984 /* MRSHotTagViewModel.m in Sources */,
				2FCB2A251C8BCDEB00851689 /* MRSFetchResultSectionInfo.m in Sources */,
				2FE3A17D1CAFB47D00DE3191 /* MRSMyDownloadViewModel.m in Sources */,
				2FF9709A1C93B5F300EB7A77 /* MRSCategoryView.m in Sources */,
				2F6CABDE1C97E65500DD4984 /* MRSHotTagADViewController.m in Sources */,
				2FBB52E21C968CD200EA59F6 /* MRSIndexCategoryViewProductor.m in Sources */,
				2F33378D1C803E9800927CF8 /* main.m in Sources */,
				2FBB52E41C968CD200EA59F6 /* MRSIndexModel.m in Sources */,
				2F14F9E91C9589BA0066D030 /* MRSModel.m in Sources */,
				2FCB2A221C8BC98000851689 /* MRSFetchResultController.m in Sources */,
				2FCC599F1C872704008B2621 /* RadioViewModel.m in Sources */,
				2FE0DE071C89D5C300A705C3 /* MRSRefreshHeader.m in Sources */,
				2FCC599D1C872704008B2621 /* RadioInfoModel.m in Sources */,
				2FE271951CABCB740073E62E /* MRSPersistentCacheManager.m in Sources */,
				2FB86DBC1C8EA2A200B89E76 /* MRSSpeakerDescView.m in Sources */,
				2FBB52E11C968CD200EA59F6 /* MRSIndexCategory.m in Sources */,
				2F6CABF91C97FE8A00DD4984 /* MRSTimerView.m in Sources */,
				2FB86DA01C8E802D00B89E76 /* MRSNoContentView.m in Sources */,
				2FB86DB91C8EA0F000B89E76 /* MRSCircleImageView.m in Sources */,
			);
			runOnlyForDeploymentPostprocessing = 0;
		};
/* End PBXSourcesBuildPhase section */

/* Begin PBXVariantGroup section */
		2F3337941C803E9800927CF8 /* Main.storyboard */ = {
			isa = PBXVariantGroup;
			children = (
				2F3337951C803E9800927CF8 /* Base */,
			);
			name = Main.storyboard;
			sourceTree = "<group>";
		};
		2F3337991C803E9800927CF8 /* LaunchScreen.storyboard */ = {
			isa = PBXVariantGroup;
			children = (
				2F33379A1C803E9800927CF8 /* Base */,
			);
			name = LaunchScreen.storyboard;
			sourceTree = "<group>";
		};
/* End PBXVariantGroup section */

/* Begin XCBuildConfiguration section */
		2F33379D1C803E9800927CF8 /* Debug */ = {
			isa = XCBuildConfiguration;
			buildSettings = {
				ALWAYS_SEARCH_USER_PATHS = NO;
				CLANG_CXX_LANGUAGE_STANDARD = "gnu++0x";
				CLANG_CXX_LIBRARY = "libc++";
				CLANG_ENABLE_MODULES = YES;
				CLANG_ENABLE_OBJC_ARC = YES;
				CLANG_WARN_BOOL_CONVERSION = YES;
				CLANG_WARN_CONSTANT_CONVERSION = YES;
				CLANG_WARN_DIRECT_OBJC_ISA_USAGE = YES_ERROR;
				CLANG_WARN_EMPTY_BODY = YES;
				CLANG_WARN_ENUM_CONVERSION = YES;
				CLANG_WARN_INT_CONVERSION = YES;
				CLANG_WARN_OBJC_ROOT_CLASS = YES_ERROR;
				CLANG_WARN_UNREACHABLE_CODE = YES;
				CLANG_WARN__DUPLICATE_METHOD_MATCH = YES;
				"CODE_SIGN_IDENTITY[sdk=iphoneos*]" = "iPhone Developer";
				COPY_PHASE_STRIP = NO;
				DEBUG_INFORMATION_FORMAT = dwarf;
				ENABLE_STRICT_OBJC_MSGSEND = YES;
				ENABLE_TESTABILITY = YES;
				GCC_C_LANGUAGE_STANDARD = gnu99;
				GCC_DYNAMIC_NO_PIC = NO;
				GCC_NO_COMMON_BLOCKS = YES;
				GCC_OPTIMIZATION_LEVEL = 0;
				GCC_PREPROCESSOR_DEFINITIONS = (
					"DEBUG=1",
					"$(inherited)",
				);
				GCC_WARN_64_TO_32_BIT_CONVERSION = YES;
				GCC_WARN_ABOUT_RETURN_TYPE = YES_ERROR;
				GCC_WARN_UNDECLARED_SELECTOR = YES;
				GCC_WARN_UNINITIALIZED_AUTOS = YES_AGGRESSIVE;
				GCC_WARN_UNUSED_FUNCTION = YES;
				GCC_WARN_UNUSED_VARIABLE = YES;
				IPHONEOS_DEPLOYMENT_TARGET = 9.2;
				MTL_ENABLE_DEBUG_INFO = YES;
				ONLY_ACTIVE_ARCH = YES;
				SDKROOT = iphoneos;
			};
			name = Debug;
		};
		2F33379E1C803E9800927CF8 /* Release */ = {
			isa = XCBuildConfiguration;
			buildSettings = {
				ALWAYS_SEARCH_USER_PATHS = NO;
				CLANG_CXX_LANGUAGE_STANDARD = "gnu++0x";
				CLANG_CXX_LIBRARY = "libc++";
				CLANG_ENABLE_MODULES = YES;
				CLANG_ENABLE_OBJC_ARC = YES;
				CLANG_WARN_BOOL_CONVERSION = YES;
				CLANG_WARN_CONSTANT_CONVERSION = YES;
				CLANG_WARN_DIRECT_OBJC_ISA_USAGE = YES_ERROR;
				CLANG_WARN_EMPTY_BODY = YES;
				CLANG_WARN_ENUM_CONVERSION = YES;
				CLANG_WARN_INT_CONVERSION = YES;
				CLANG_WARN_OBJC_ROOT_CLASS = YES_ERROR;
				CLANG_WARN_UNREACHABLE_CODE = YES;
				CLANG_WARN__DUPLICATE_METHOD_MATCH = YES;
				"CODE_SIGN_IDENTITY[sdk=iphoneos*]" = "iPhone Developer";
				COPY_PHASE_STRIP = NO;
				DEBUG_INFORMATION_FORMAT = "dwarf-with-dsym";
				ENABLE_NS_ASSERTIONS = NO;
				ENABLE_STRICT_OBJC_MSGSEND = YES;
				GCC_C_LANGUAGE_STANDARD = gnu99;
				GCC_NO_COMMON_BLOCKS = YES;
				GCC_WARN_64_TO_32_BIT_CONVERSION = YES;
				GCC_WARN_ABOUT_RETURN_TYPE = YES_ERROR;
				GCC_WARN_UNDECLARED_SELECTOR = YES;
				GCC_WARN_UNINITIALIZED_AUTOS = YES_AGGRESSIVE;
				GCC_WARN_UNUSED_FUNCTION = YES;
				GCC_WARN_UNUSED_VARIABLE = YES;
				IPHONEOS_DEPLOYMENT_TARGET = 9.2;
				MTL_ENABLE_DEBUG_INFO = NO;
				SDKROOT = iphoneos;
				VALIDATE_PRODUCT = YES;
			};
			name = Release;
		};
		2F3337A01C803E9800927CF8 /* Debug */ = {
			isa = XCBuildConfiguration;
			baseConfigurationReference = 8ED539642E090F9D5816D404 /* Pods.debug.xcconfig */;
			buildSettings = {
				ASSETCATALOG_COMPILER_APPICON_NAME = AppIcon;
				ASSETCATALOG_COMPILER_LAUNCHIMAGE_NAME = LaunchImage;
				INFOPLIST_FILE = MoodRadioStation/Info.plist;
				IPHONEOS_DEPLOYMENT_TARGET = 8.4;
				LD_RUNPATH_SEARCH_PATHS = "$(inherited) @executable_path/Frameworks";
				PRODUCT_BUNDLE_IDENTIFIER = com.yumei.MoodRadioStation;
				PRODUCT_NAME = "$(TARGET_NAME)";
			};
			name = Debug;
		};
		2F3337A11C803E9800927CF8 /* Release */ = {
			isa = XCBuildConfiguration;
			baseConfigurationReference = 7305B22C545EDA01AA665B1F /* Pods.release.xcconfig */;
			buildSettings = {
				ASSETCATALOG_COMPILER_APPICON_NAME = AppIcon;
				ASSETCATALOG_COMPILER_LAUNCHIMAGE_NAME = LaunchImage;
				INFOPLIST_FILE = MoodRadioStation/Info.plist;
				IPHONEOS_DEPLOYMENT_TARGET = 8.4;
				LD_RUNPATH_SEARCH_PATHS = "$(inherited) @executable_path/Frameworks";
				PRODUCT_BUNDLE_IDENTIFIER = com.yumei.MoodRadioStation;
				PRODUCT_NAME = "$(TARGET_NAME)";
			};
			name = Release;
		};
/* End XCBuildConfiguration section */

/* Begin XCConfigurationList section */
		2F3337831C803E9800927CF8 /* Build configuration list for PBXProject "MoodRadioStation" */ = {
			isa = XCConfigurationList;
			buildConfigurations = (
				2F33379D1C803E9800927CF8 /* Debug */,
				2F33379E1C803E9800927CF8 /* Release */,
			);
			defaultConfigurationIsVisible = 0;
			defaultConfigurationName = Release;
		};
		2F33379F1C803E9800927CF8 /* Build configuration list for PBXNativeTarget "MoodRadioStation" */ = {
			isa = XCConfigurationList;
			buildConfigurations = (
				2F3337A01C803E9800927CF8 /* Debug */,
				2F3337A11C803E9800927CF8 /* Release */,
			);
			defaultConfigurationIsVisible = 0;
			defaultConfigurationName = Release;
		};
/* End XCConfigurationList section */
	};
	rootObject = 2F3337801C803E9800927CF8 /* Project object */;
}
